// !$*UTF8*$!
{
	archiveVersion = 1;
	classes = {
	};
	objectVersion = 46;
	objects = {

/* Begin PBXBuildFile section */
		1D3623260D0F684500981E51 /* rhead_sharepoint_ipAppDelegate.m in Sources */ = {isa = PBXBuildFile; fileRef = 1D3623250D0F684500981E51 /* rhead_sharepoint_ipAppDelegate.m */; };
		1D60589B0D05DD56006BFB54 /* main.m in Sources */ = {isa = PBXBuildFile; fileRef = 29B97316FDCFA39411CA2CEA /* main.m */; };
		1D60589F0D05DD5A006BFB54 /* Foundation.framework in Frameworks */ = {isa = PBXBuildFile; fileRef = 1D30AB110D05D00D00671497 /* Foundation.framework */; };
		1DF5F4E00D08C38300B7A737 /* UIKit.framework in Frameworks */ = {isa = PBXBuildFile; fileRef = 1DF5F4DF0D08C38300B7A737 /* UIKit.framework */; };
		288765FD0DF74451002DB57D /* CoreGraphics.framework in Frameworks */ = {isa = PBXBuildFile; fileRef = 288765FC0DF74451002DB57D /* CoreGraphics.framework */; };
		28AD733F0D9D9553002E5188 /* MainWindow.xib in Resources */ = {isa = PBXBuildFile; fileRef = 28AD733E0D9D9553002E5188 /* MainWindow.xib */; };
		C04B15A2146C294200BAB279 /* addaccount.png in Resources */ = {isa = PBXBuildFile; fileRef = C04B15A0146C294200BAB279 /* addaccount.png */; };
		C04B15A3146C294200BAB279 /* viewprojects.png in Resources */ = {isa = PBXBuildFile; fileRef = C04B15A1146C294200BAB279 /* viewprojects.png */; };
		C04B15A7146C2C9600BAB279 /* appicon.png in Resources */ = {isa = PBXBuildFile; fileRef = C04B15A6146C2C9600BAB279 /* appicon.png */; };
		C04B15A9146C2D6400BAB279 /* apphr.png in Resources */ = {isa = PBXBuildFile; fileRef = C04B15A8146C2D6400BAB279 /* apphr.png */; };
		C067B472146BF75F00465E66 /* add-account.png in Resources */ = {isa = PBXBuildFile; fileRef = C067B470146BF75F00465E66 /* add-account.png */; };
		C067B473146BF75F00465E66 /* view-projects.png in Resources */ = {isa = PBXBuildFile; fileRef = C067B471146BF75F00465E66 /* view-projects.png */; };
		E14C5873145D48D900DE2B09 /* item_cell_back.png in Resources */ = {isa = PBXBuildFile; fileRef = E14C5871145D48D900DE2B09 /* item_cell_back.png */; };
		E14C5874145D48D900DE2B09 /* title_image.png in Resources */ = {isa = PBXBuildFile; fileRef = E14C5872145D48D900DE2B09 /* title_image.png */; };
		E14C58BB145D4C9300DE2B09 /* AccountTVC.xib in Resources */ = {isa = PBXBuildFile; fileRef = E14C58BA145D4C9300DE2B09 /* AccountTVC.xib */; };
		E14C59B9145D612F00DE2B09 /* SharepointListCell.xib in Resources */ = {isa = PBXBuildFile; fileRef = E14C59B8145D612F00DE2B09 /* SharepointListCell.xib */; };
		E14C5A47145D6A6900DE2B09 /* sort_bar.png in Resources */ = {isa = PBXBuildFile; fileRef = E14C5A46145D6A6900DE2B09 /* sort_bar.png */; };
		E1550B211460203000A1DE4E /* libxml2.2.7.3.dylib in Frameworks */ = {isa = PBXBuildFile; fileRef = E1550B201460202F00A1DE4E /* libxml2.2.7.3.dylib */; };
		E1550B231460209700A1DE4E /* libz.1.2.5.dylib in Frameworks */ = {isa = PBXBuildFile; fileRef = E1550B221460209700A1DE4E /* libz.1.2.5.dylib */; };
		E1724899149A6E0A004478E6 /* photo.png in Resources */ = {isa = PBXBuildFile; fileRef = E1724895149A6E0A004478E6 /* photo.png */; };
		E172489A149A6E0A004478E6 /* presentations.png in Resources */ = {isa = PBXBuildFile; fileRef = E1724896149A6E0A004478E6 /* presentations.png */; };
		E172489B149A6E0A004478E6 /* project-documents.png in Resources */ = {isa = PBXBuildFile; fileRef = E1724897149A6E0A004478E6 /* project-documents.png */; };
		E172489C149A6E0A004478E6 /* Project-reports.png in Resources */ = {isa = PBXBuildFile; fileRef = E1724898149A6E0A004478E6 /* Project-reports.png */; };
		E172489E149A6EF5004478E6 /* upload-images.png in Resources */ = {isa = PBXBuildFile; fileRef = E172489D149A6EF5004478E6 /* upload-images.png */; };
		E17248A0149A852D004478E6 /* upload_photo_buton.png in Resources */ = {isa = PBXBuildFile; fileRef = E172489F149A852D004478E6 /* upload_photo_buton.png */; };
		E17BB169149553E1002C6759 /* item_cell_back_land.png in Resources */ = {isa = PBXBuildFile; fileRef = E17BB168149553E1002C6759 /* item_cell_back_land.png */; };
		E17C83C9144C81F5008CE451 /* main_items_menu.png in Resources */ = {isa = PBXBuildFile; fileRef = E17C83C8144C81F5008CE451 /* main_items_menu.png */; };
		E17E37B2148BD42800C9F0B5 /* appinfo_tab.png in Resources */ = {isa = PBXBuildFile; fileRef = E17E37AE148BD42800C9F0B5 /* appinfo_tab.png */; };
		E17E37B3148BD42800C9F0B5 /* contact_tab.png in Resources */ = {isa = PBXBuildFile; fileRef = E17E37AF148BD42800C9F0B5 /* contact_tab.png */; };
		E17E37B4148BD42800C9F0B5 /* main_tab.png in Resources */ = {isa = PBXBuildFile; fileRef = E17E37B0148BD42800C9F0B5 /* main_tab.png */; };
		E17E37B5148BD42800C9F0B5 /* services_tab.png in Resources */ = {isa = PBXBuildFile; fileRef = E17E37B1148BD42800C9F0B5 /* services_tab.png */; };
		E17F077014926DD600B9638D /* news_tab.png in Resources */ = {isa = PBXBuildFile; fileRef = E17F076F14926DD600B9638D /* news_tab.png */; };
		E1806F53149A4DB10096531A /* background.png in Resources */ = {isa = PBXBuildFile; fileRef = E1806F52149A4DB10096531A /* background.png */; };
		E1806F55149A56E40096531A /* add_project_button.png in Resources */ = {isa = PBXBuildFile; fileRef = E1806F54149A56E40096531A /* add_project_button.png */; };
		E1806F57149A5B060096531A /* delete_project_button.png in Resources */ = {isa = PBXBuildFile; fileRef = E1806F56149A5B060096531A /* delete_project_button.png */; };
		E1811752145FF0DA005ADAD5 /* contact.html in Resources */ = {isa = PBXBuildFile; fileRef = E1811751145FF0DA005ADAD5 /* contact.html */; };
		E1845EE81493EA3B0081B47B /* SharepointListCellLand.xib in Resources */ = {isa = PBXBuildFile; fileRef = E1845EE71493EA3B0081B47B /* SharepointListCellLand.xib */; };
		E184ACE7140D3EF1004EBF5A /* CFNetwork.framework in Frameworks */ = {isa = PBXBuildFile; fileRef = E184ACE6140D3EF1004EBF5A /* CFNetwork.framework */; };
		E184ACE9140D3F0A004EBF5A /* SystemConfiguration.framework in Frameworks */ = {isa = PBXBuildFile; fileRef = E184ACE8140D3F0A004EBF5A /* SystemConfiguration.framework */; };
		E184ACED140D3F28004EBF5A /* Security.framework in Frameworks */ = {isa = PBXBuildFile; fileRef = E184ACEC140D3F28004EBF5A /* Security.framework */; };
		E184ACEF140D3F43004EBF5A /* MobileCoreServices.framework in Frameworks */ = {isa = PBXBuildFile; fileRef = E184ACEE140D3F43004EBF5A /* MobileCoreServices.framework */; };
		E184AD0A140D3FB7004EBF5A /* ASIAuthenticationDialog.m in Sources */ = {isa = PBXBuildFile; fileRef = E184ACF5140D3FB7004EBF5A /* ASIAuthenticationDialog.m */; };
		E184AD0B140D3FB7004EBF5A /* ASIDataCompressor.m in Sources */ = {isa = PBXBuildFile; fileRef = E184ACF8140D3FB7004EBF5A /* ASIDataCompressor.m */; };
		E184AD0C140D3FB7004EBF5A /* ASIDataDecompressor.m in Sources */ = {isa = PBXBuildFile; fileRef = E184ACFA140D3FB7004EBF5A /* ASIDataDecompressor.m */; };
		E184AD0D140D3FB7004EBF5A /* ASIDownloadCache.m in Sources */ = {isa = PBXBuildFile; fileRef = E184ACFC140D3FB7004EBF5A /* ASIDownloadCache.m */; };
		E184AD0E140D3FB7004EBF5A /* ASIFormDataRequest.m in Sources */ = {isa = PBXBuildFile; fileRef = E184ACFE140D3FB7004EBF5A /* ASIFormDataRequest.m */; };
		E184AD0F140D3FB7004EBF5A /* ASIHTTPRequest.m in Sources */ = {isa = PBXBuildFile; fileRef = E184AD00140D3FB7004EBF5A /* ASIHTTPRequest.m */; };
		E184AD10140D3FB7004EBF5A /* ASIInputStream.m in Sources */ = {isa = PBXBuildFile; fileRef = E184AD04140D3FB7004EBF5A /* ASIInputStream.m */; };
		E184AD11140D3FB7004EBF5A /* ASINetworkQueue.m in Sources */ = {isa = PBXBuildFile; fileRef = E184AD06140D3FB7004EBF5A /* ASINetworkQueue.m */; };
		E184AD12140D3FB7004EBF5A /* Reachability.m in Sources */ = {isa = PBXBuildFile; fileRef = E184AD09140D3FB7004EBF5A /* Reachability.m */; };
		E184AD20140D3FCA004EBF5A /* CXMLDocument_PrivateExtensions.m in Sources */ = {isa = PBXBuildFile; fileRef = E184AD14140D3FCA004EBF5A /* CXMLDocument_PrivateExtensions.m */; };
		E184AD21140D3FCA004EBF5A /* CXMLDocument.m in Sources */ = {isa = PBXBuildFile; fileRef = E184AD16140D3FCA004EBF5A /* CXMLDocument.m */; };
		E184AD22140D3FCA004EBF5A /* CXMLElement.m in Sources */ = {isa = PBXBuildFile; fileRef = E184AD18140D3FCA004EBF5A /* CXMLElement.m */; };
		E184AD23140D3FCA004EBF5A /* CXMLNode_PrivateExtensions.m in Sources */ = {isa = PBXBuildFile; fileRef = E184AD1A140D3FCA004EBF5A /* CXMLNode_PrivateExtensions.m */; };
		E184AD24140D3FCA004EBF5A /* CXMLNode_XPathExtensions.m in Sources */ = {isa = PBXBuildFile; fileRef = E184AD1C140D3FCA004EBF5A /* CXMLNode_XPathExtensions.m */; };
		E184AD25140D3FCA004EBF5A /* CXMLNode.m in Sources */ = {isa = PBXBuildFile; fileRef = E184AD1E140D3FCA004EBF5A /* CXMLNode.m */; };
		E184AD33140D401B004EBF5A /* SoapRequest.m in Sources */ = {isa = PBXBuildFile; fileRef = E184AD32140D401B004EBF5A /* SoapRequest.m */; };
		E184AD4E140D466B004EBF5A /* VCBase.m in Sources */ = {isa = PBXBuildFile; fileRef = E184AD4D140D466B004EBF5A /* VCBase.m */; };
		E184AD51140D46B6004EBF5A /* plak.wav in Resources */ = {isa = PBXBuildFile; fileRef = E184AD50140D46B6004EBF5A /* plak.wav */; };
		E184AD55140D4717004EBF5A /* SplashVC.m in Sources */ = {isa = PBXBuildFile; fileRef = E184AD53140D4717004EBF5A /* SplashVC.m */; };
		E184AD56140D4717004EBF5A /* SplashVC.xib in Resources */ = {isa = PBXBuildFile; fileRef = E184AD54140D4717004EBF5A /* SplashVC.xib */; };
		E184AD5B140D47AB004EBF5A /* MainMenuVC.m in Sources */ = {isa = PBXBuildFile; fileRef = E184AD59140D47AB004EBF5A /* MainMenuVC.m */; };
		E184AD5C140D47AB004EBF5A /* MainMenuVC.xib in Resources */ = {isa = PBXBuildFile; fileRef = E184AD5A140D47AB004EBF5A /* MainMenuVC.xib */; };
		E184AD60140D47E8004EBF5A /* AVFoundation.framework in Frameworks */ = {isa = PBXBuildFile; fileRef = E184AD5F140D47E8004EBF5A /* AVFoundation.framework */; };
		E184ADA1140D4949004EBF5A /* splash2.png in Resources */ = {isa = PBXBuildFile; fileRef = E184ADA0140D4949004EBF5A /* splash2.png */; };
		E18558CF149BE21B0069202E /* MapKit.framework in Frameworks */ = {isa = PBXBuildFile; fileRef = E18558CE149BE21B0069202E /* MapKit.framework */; };
		E18558D1149BE3B60069202E /* ImageIO.framework in Frameworks */ = {isa = PBXBuildFile; fileRef = E18558D0149BE3B60069202E /* ImageIO.framework */; };
		E1856055149E38E1004AE040 /* logo.png in Resources */ = {isa = PBXBuildFile; fileRef = E1856054149E38E1004AE040 /* logo.png */; };
		E18AD8D9146ADD7F000ACB4F /* iphone4-add-account.png in Resources */ = {isa = PBXBuildFile; fileRef = E18AD8D7146ADD7F000ACB4F /* iphone4-add-account.png */; };
		E18AD8DA146ADD7F000ACB4F /* iphone4-viewaccount.png in Resources */ = {isa = PBXBuildFile; fileRef = E18AD8D8146ADD7F000ACB4F /* iphone4-viewaccount.png */; };
		E18AD8DC146AE8E6000ACB4F /* AccountTVCLand.xib in Resources */ = {isa = PBXBuildFile; fileRef = E18AD8DB146AE8E6000ACB4F /* AccountTVCLand.xib */; };
		E18AD8DE146AEB26000ACB4F /* account_item_back_land.png in Resources */ = {isa = PBXBuildFile; fileRef = E18AD8DD146AEB26000ACB4F /* account_item_back_land.png */; };
		E18EB17B1469ACA0004C979C /* blank_bar.png in Resources */ = {isa = PBXBuildFile; fileRef = E18EB17A1469ACA0004C979C /* blank_bar.png */; };
		E18F3CA3145461CB00DC83D7 /* AccountsVC.m in Sources */ = {isa = PBXBuildFile; fileRef = E18F3CA1145461CB00DC83D7 /* AccountsVC.m */; };
		E18F3CA4145461CB00DC83D7 /* AccountsVC.xib in Resources */ = {isa = PBXBuildFile; fileRef = E18F3CA2145461CB00DC83D7 /* AccountsVC.xib */; };
		E18F3CC914546A8500DC83D7 /* iToast.m in Sources */ = {isa = PBXBuildFile; fileRef = E18F3CC814546A8500DC83D7 /* iToast.m */; };
		E18F3D2C14547C8600DC83D7 /* account_item_back.png in Resources */ = {isa = PBXBuildFile; fileRef = E18F3D2B14547C8600DC83D7 /* account_item_back.png */; };
		E18F4850148B713F00AEB04F /* UploadImage.txt in Resources */ = {isa = PBXBuildFile; fileRef = E18F484F148B713F00AEB04F /* UploadImage.txt */; };
		E18F4853148B755D00AEB04F /* Base64.m in Sources */ = {isa = PBXBuildFile; fileRef = E18F4852148B755D00AEB04F /* Base64.m */; };
		E1904B19141AA3D700E48312 /* SharepointListsVC.m in Sources */ = {isa = PBXBuildFile; fileRef = E1904B17141AA3D700E48312 /* SharepointListsVC.m */; };
		E1904B1A141AA3D700E48312 /* SharepointListsVC.xib in Resources */ = {isa = PBXBuildFile; fileRef = E1904B18141AA3D700E48312 /* SharepointListsVC.xib */; };
		E1904B3A141AA9A000E48312 /* botton_bar.png in Resources */ = {isa = PBXBuildFile; fileRef = E1904B38141AA9A000E48312 /* botton_bar.png */; };
		E1904B45141AAABA00E48312 /* SharepointListsTVC.m in Sources */ = {isa = PBXBuildFile; fileRef = E1904B44141AAABA00E48312 /* SharepointListsTVC.m */; };
		E1909C80143A0B86000BB5BF /* icon.png in Resources */ = {isa = PBXBuildFile; fileRef = E1909C7F143A0B86000BB5BF /* icon.png */; };
		E1909CA4143A0CB1000BB5BF /* back_btn.png in Resources */ = {isa = PBXBuildFile; fileRef = E1909CA3143A0CB1000BB5BF /* back_btn.png */; };
		E1987969141B5712004B4889 /* GetList.txt in Resources */ = {isa = PBXBuildFile; fileRef = E1987968141B5712004B4889 /* GetList.txt */; };
		E19879AE141B60E8004B4889 /* GetListAndView.txt in Resources */ = {isa = PBXBuildFile; fileRef = E19879AD141B60E8004B4889 /* GetListAndView.txt */; };
		E19879C1141B664B004B4889 /* GetListItems.txt in Resources */ = {isa = PBXBuildFile; fileRef = E19879C0141B664B004B4889 /* GetListItems.txt */; };
		E19879EE141B7E7C004B4889 /* WebViewVC.m in Sources */ = {isa = PBXBuildFile; fileRef = E19879EC141B7E7C004B4889 /* WebViewVC.m */; };
		E19879EF141B7E7C004B4889 /* WebViewVC.xib in Resources */ = {isa = PBXBuildFile; fileRef = E19879ED141B7E7C004B4889 /* WebViewVC.xib */; };
		E1987A15141B878B004B4889 /* SharepointListVC.m in Sources */ = {isa = PBXBuildFile; fileRef = E1987A13141B878B004B4889 /* SharepointListVC.m */; };
		E1987A16141B878B004B4889 /* SharepointListVC.xib in Resources */ = {isa = PBXBuildFile; fileRef = E1987A14141B878B004B4889 /* SharepointListVC.xib */; };
		E1987A1F141B8804004B4889 /* SharepointListTVC.m in Sources */ = {isa = PBXBuildFile; fileRef = E1987A1E141B8804004B4889 /* SharepointListTVC.m */; };
		E1A1912F145F0191006D6DA1 /* excelicon.png in Resources */ = {isa = PBXBuildFile; fileRef = E1A1912A145F0191006D6DA1 /* excelicon.png */; };
		E1A19130145F0191006D6DA1 /* pdficon.png in Resources */ = {isa = PBXBuildFile; fileRef = E1A1912B145F0191006D6DA1 /* pdficon.png */; };
		E1A19131145F0191006D6DA1 /* photoicon.png in Resources */ = {isa = PBXBuildFile; fileRef = E1A1912C145F0191006D6DA1 /* photoicon.png */; };
		E1A19132145F0191006D6DA1 /* ppticon.png in Resources */ = {isa = PBXBuildFile; fileRef = E1A1912D145F0191006D6DA1 /* ppticon.png */; };
		E1A19133145F0191006D6DA1 /* wordicon.png in Resources */ = {isa = PBXBuildFile; fileRef = E1A1912E145F0191006D6DA1 /* wordicon.png */; };
		E1A1918C145F0BED006D6DA1 /* ServicesVC.m in Sources */ = {isa = PBXBuildFile; fileRef = E1A1918A145F0BED006D6DA1 /* ServicesVC.m */; };
		E1A1918D145F0BED006D6DA1 /* ServicesVC.xib in Resources */ = {isa = PBXBuildFile; fileRef = E1A1918B145F0BED006D6DA1 /* ServicesVC.xib */; };
		E1A19197145F0DD9006D6DA1 /* about_screen.png in Resources */ = {isa = PBXBuildFile; fileRef = E1A19194145F0DD9006D6DA1 /* about_screen.png */; };
		E1A19198145F0DD9006D6DA1 /* contact_screen.png in Resources */ = {isa = PBXBuildFile; fileRef = E1A19195145F0DD9006D6DA1 /* contact_screen.png */; };
		E1A19199145F0DD9006D6DA1 /* services_screen.png in Resources */ = {isa = PBXBuildFile; fileRef = E1A19196145F0DD9006D6DA1 /* services_screen.png */; };
		E1A1919F145F0F1D006D6DA1 /* foldericon.png in Resources */ = {isa = PBXBuildFile; fileRef = E1A1919E145F0F1D006D6DA1 /* foldericon.png */; };
		E1A191B2145F1067006D6DA1 /* ContactVC.m in Sources */ = {isa = PBXBuildFile; fileRef = E1A191B0145F1067006D6DA1 /* ContactVC.m */; };
		E1A191B3145F1067006D6DA1 /* ContactVC.xib in Resources */ = {isa = PBXBuildFile; fileRef = E1A191B1145F1067006D6DA1 /* ContactVC.xib */; };
		E1A191CA145F1259006D6DA1 /* AppInfoVC.m in Sources */ = {isa = PBXBuildFile; fileRef = E1A191C8145F1259006D6DA1 /* AppInfoVC.m */; };
		E1A191CB145F1259006D6DA1 /* AppInfoVC.xib in Resources */ = {isa = PBXBuildFile; fileRef = E1A191C9145F1259006D6DA1 /* AppInfoVC.xib */; };
		E1A19327145F1B43006D6DA1 /* MessageUI.framework in Frameworks */ = {isa = PBXBuildFile; fileRef = E1A19326145F1B43006D6DA1 /* MessageUI.framework */; };
		E1F9935F1417F54B00149C20 /* main_menu.png in Resources */ = {isa = PBXBuildFile; fileRef = E1F9935E1417F54B00149C20 /* main_menu.png */; };
		E1F993771417F81D00149C20 /* LoginVC.m in Sources */ = {isa = PBXBuildFile; fileRef = E1F993751417F81D00149C20 /* LoginVC.m */; };
		E1F993781417F81D00149C20 /* LoginVC.xib in Resources */ = {isa = PBXBuildFile; fileRef = E1F993761417F81D00149C20 /* LoginVC.xib */; };
		E1F9937B1417F86200149C20 /* login_screen.png in Resources */ = {isa = PBXBuildFile; fileRef = E1F9937A1417F86200149C20 /* login_screen.png */; };
		E1F993B4141800A200149C20 /* GetListCollection.txt in Resources */ = {isa = PBXBuildFile; fileRef = E1F993B3141800A200149C20 /* GetListCollection.txt */; };
/* End PBXBuildFile section */

/* Begin PBXFileReference section */
		1D30AB110D05D00D00671497 /* Foundation.framework */ = {isa = PBXFileReference; lastKnownFileType = wrapper.framework; name = Foundation.framework; path = System/Library/Frameworks/Foundation.framework; sourceTree = SDKROOT; };
		1D3623240D0F684500981E51 /* rhead_sharepoint_ipAppDelegate.h */ = {isa = PBXFileReference; fileEncoding = 4; lastKnownFileType = sourcecode.c.h; path = rhead_sharepoint_ipAppDelegate.h; sourceTree = "<group>"; };
		1D3623250D0F684500981E51 /* rhead_sharepoint_ipAppDelegate.m */ = {isa = PBXFileReference; fileEncoding = 4; lastKnownFileType = sourcecode.c.objc; path = rhead_sharepoint_ipAppDelegate.m; sourceTree = "<group>"; };
		1D6058910D05DD3D006BFB54 /* rhead_sharepoint_ip.app */ = {isa = PBXFileReference; explicitFileType = wrapper.application; includeInIndex = 0; path = rhead_sharepoint_ip.app; sourceTree = BUILT_PRODUCTS_DIR; };
		1DF5F4DF0D08C38300B7A737 /* UIKit.framework */ = {isa = PBXFileReference; lastKnownFileType = wrapper.framework; name = UIKit.framework; path = System/Library/Frameworks/UIKit.framework; sourceTree = SDKROOT; };
		288765FC0DF74451002DB57D /* CoreGraphics.framework */ = {isa = PBXFileReference; lastKnownFileType = wrapper.framework; name = CoreGraphics.framework; path = System/Library/Frameworks/CoreGraphics.framework; sourceTree = SDKROOT; };
		28AD733E0D9D9553002E5188 /* MainWindow.xib */ = {isa = PBXFileReference; lastKnownFileType = file.xib; path = MainWindow.xib; sourceTree = "<group>"; };
		29B97316FDCFA39411CA2CEA /* main.m */ = {isa = PBXFileReference; fileEncoding = 4; lastKnownFileType = sourcecode.c.objc; path = main.m; sourceTree = "<group>"; };
		32CA4F630368D1EE00C91783 /* rhead_sharepoint_ip_Prefix.pch */ = {isa = PBXFileReference; fileEncoding = 4; lastKnownFileType = sourcecode.c.h; path = rhead_sharepoint_ip_Prefix.pch; sourceTree = "<group>"; };
		8D1107310486CEB800E47090 /* rhead_sharepoint_ip-Info.plist */ = {isa = PBXFileReference; fileEncoding = 4; lastKnownFileType = text.plist.xml; path = "rhead_sharepoint_ip-Info.plist"; plistStructureDefinitionIdentifier = "com.apple.xcode.plist.structure-definition.iphone.info-plist"; sourceTree = "<group>"; };
		C04B15A0146C294200BAB279 /* addaccount.png */ = {isa = PBXFileReference; lastKnownFileType = image.png; path = addaccount.png; sourceTree = "<group>"; };
		C04B15A1146C294200BAB279 /* viewprojects.png */ = {isa = PBXFileReference; lastKnownFileType = image.png; path = viewprojects.png; sourceTree = "<group>"; };
		C04B15A5146C2B7600BAB279 /* rhead_sharepoint_ip.entitlements */ = {isa = PBXFileReference; lastKnownFileType = text.xml; path = rhead_sharepoint_ip.entitlements; sourceTree = "<group>"; };
		C04B15A6146C2C9600BAB279 /* appicon.png */ = {isa = PBXFileReference; lastKnownFileType = image.png; path = appicon.png; sourceTree = "<group>"; };
		C04B15A8146C2D6400BAB279 /* apphr.png */ = {isa = PBXFileReference; lastKnownFileType = image.png; path = apphr.png; sourceTree = "<group>"; };
		C067B470146BF75F00465E66 /* add-account.png */ = {isa = PBXFileReference; lastKnownFileType = image.png; path = "add-account.png"; sourceTree = "<group>"; };
		C067B471146BF75F00465E66 /* view-projects.png */ = {isa = PBXFileReference; lastKnownFileType = image.png; path = "view-projects.png"; sourceTree = "<group>"; };
		E14C5871145D48D900DE2B09 /* item_cell_back.png */ = {isa = PBXFileReference; lastKnownFileType = image.png; name = item_cell_back.png; path = img/item_cell_back.png; sourceTree = "<group>"; };
		E14C5872145D48D900DE2B09 /* title_image.png */ = {isa = PBXFileReference; lastKnownFileType = image.png; name = title_image.png; path = img/title_image.png; sourceTree = "<group>"; };
		E14C58BA145D4C9300DE2B09 /* AccountTVC.xib */ = {isa = PBXFileReference; lastKnownFileType = file.xib; path = AccountTVC.xib; sourceTree = "<group>"; };
		E14C59B8145D612F00DE2B09 /* SharepointListCell.xib */ = {isa = PBXFileReference; lastKnownFileType = file.xib; path = SharepointListCell.xib; sourceTree = "<group>"; };
		E14C5A46145D6A6900DE2B09 /* sort_bar.png */ = {isa = PBXFileReference; lastKnownFileType = image.png; name = sort_bar.png; path = img/sort_bar.png; sourceTree = "<group>"; };
		E1550B201460202F00A1DE4E /* libxml2.2.7.3.dylib */ = {isa = PBXFileReference; lastKnownFileType = "compiled.mach-o.dylib"; name = libxml2.2.7.3.dylib; path = usr/lib/libxml2.2.7.3.dylib; sourceTree = SDKROOT; };
		E1550B221460209700A1DE4E /* libz.1.2.5.dylib */ = {isa = PBXFileReference; lastKnownFileType = "compiled.mach-o.dylib"; name = libz.1.2.5.dylib; path = usr/lib/libz.1.2.5.dylib; sourceTree = SDKROOT; };
		E15B158A146D04500013AC56 /* rhead_sharepoint_ip copy-Info.plist */ = {isa = PBXFileReference; lastKnownFileType = text.plist.xml; name = "rhead_sharepoint_ip copy-Info.plist"; path = "/Users/robert/Desktop/samplebator/rhead_sharepoint_ip/rhead_sharepoint_ip copy-Info.plist"; sourceTree = "<absolute>"; };
		E1724895149A6E0A004478E6 /* photo.png */ = {isa = PBXFileReference; lastKnownFileType = image.png; path = photo.png; sourceTree = "<group>"; };
		E1724896149A6E0A004478E6 /* presentations.png */ = {isa = PBXFileReference; lastKnownFileType = image.png; path = presentations.png; sourceTree = "<group>"; };
		E1724897149A6E0A004478E6 /* project-documents.png */ = {isa = PBXFileReference; lastKnownFileType = image.png; path = "project-documents.png"; sourceTree = "<group>"; };
		E1724898149A6E0A004478E6 /* Project-reports.png */ = {isa = PBXFileReference; lastKnownFileType = image.png; path = "Project-reports.png"; sourceTree = "<group>"; };
		E172489D149A6EF5004478E6 /* upload-images.png */ = {isa = PBXFileReference; lastKnownFileType = image.png; path = "upload-images.png"; sourceTree = "<group>"; };
		E172489F149A852D004478E6 /* upload_photo_buton.png */ = {isa = PBXFileReference; lastKnownFileType = image.png; name = upload_photo_buton.png; path = img/upload_photo_buton.png; sourceTree = "<group>"; };
		E17BB168149553E1002C6759 /* item_cell_back_land.png */ = {isa = PBXFileReference; lastKnownFileType = image.png; name = item_cell_back_land.png; path = img/item_cell_back_land.png; sourceTree = "<group>"; };
		E17C83C8144C81F5008CE451 /* main_items_menu.png */ = {isa = PBXFileReference; lastKnownFileType = image.png; name = main_items_menu.png; path = img/main_items_menu.png; sourceTree = "<group>"; };
		E17E37AE148BD42800C9F0B5 /* appinfo_tab.png */ = {isa = PBXFileReference; lastKnownFileType = image.png; name = appinfo_tab.png; path = img/appinfo_tab.png; sourceTree = "<group>"; };
		E17E37AF148BD42800C9F0B5 /* contact_tab.png */ = {isa = PBXFileReference; lastKnownFileType = image.png; name = contact_tab.png; path = img/contact_tab.png; sourceTree = "<group>"; };
		E17E37B0148BD42800C9F0B5 /* main_tab.png */ = {isa = PBXFileReference; lastKnownFileType = image.png; name = main_tab.png; path = img/main_tab.png; sourceTree = "<group>"; };
		E17E37B1148BD42800C9F0B5 /* services_tab.png */ = {isa = PBXFileReference; lastKnownFileType = image.png; name = services_tab.png; path = img/services_tab.png; sourceTree = "<group>"; };
		E17F076F14926DD600B9638D /* news_tab.png */ = {isa = PBXFileReference; lastKnownFileType = image.png; name = news_tab.png; path = img/news_tab.png; sourceTree = "<group>"; };
		E1806F52149A4DB10096531A /* background.png */ = {isa = PBXFileReference; lastKnownFileType = image.png; path = background.png; sourceTree = "<group>"; };
		E1806F54149A56E40096531A /* add_project_button.png */ = {isa = PBXFileReference; lastKnownFileType = image.png; name = add_project_button.png; path = img/add_project_button.png; sourceTree = "<group>"; };
		E1806F56149A5B060096531A /* delete_project_button.png */ = {isa = PBXFileReference; lastKnownFileType = image.png; name = delete_project_button.png; path = img/delete_project_button.png; sourceTree = "<group>"; };
		E1811751145FF0DA005ADAD5 /* contact.html */ = {isa = PBXFileReference; fileEncoding = 4; lastKnownFileType = text.html; path = contact.html; sourceTree = "<group>"; };
		E1845EE71493EA3B0081B47B /* SharepointListCellLand.xib */ = {isa = PBXFileReference; fileEncoding = 4; lastKnownFileType = file.xib; path = SharepointListCellLand.xib; sourceTree = "<group>"; };
		E184ACE6140D3EF1004EBF5A /* CFNetwork.framework */ = {isa = PBXFileReference; lastKnownFileType = wrapper.framework; name = CFNetwork.framework; path = System/Library/Frameworks/CFNetwork.framework; sourceTree = SDKROOT; };
		E184ACE8140D3F0A004EBF5A /* SystemConfiguration.framework */ = {isa = PBXFileReference; lastKnownFileType = wrapper.framework; name = SystemConfiguration.framework; path = System/Library/Frameworks/SystemConfiguration.framework; sourceTree = SDKROOT; };
		E184ACEC140D3F28004EBF5A /* Security.framework */ = {isa = PBXFileReference; lastKnownFileType = wrapper.framework; name = Security.framework; path = System/Library/Frameworks/Security.framework; sourceTree = SDKROOT; };
		E184ACEE140D3F43004EBF5A /* MobileCoreServices.framework */ = {isa = PBXFileReference; lastKnownFileType = wrapper.framework; name = MobileCoreServices.framework; path = System/Library/Frameworks/MobileCoreServices.framework; sourceTree = SDKROOT; };
		E184ACF4140D3FB7004EBF5A /* ASIAuthenticationDialog.h */ = {isa = PBXFileReference; fileEncoding = 4; lastKnownFileType = sourcecode.c.h; name = ASIAuthenticationDialog.h; path = Classes/ASIHTTP/ASIAuthenticationDialog.h; sourceTree = "<group>"; };
		E184ACF5140D3FB7004EBF5A /* ASIAuthenticationDialog.m */ = {isa = PBXFileReference; fileEncoding = 4; lastKnownFileType = sourcecode.c.objc; name = ASIAuthenticationDialog.m; path = Classes/ASIHTTP/ASIAuthenticationDialog.m; sourceTree = "<group>"; };
		E184ACF6140D3FB7004EBF5A /* ASICacheDelegate.h */ = {isa = PBXFileReference; fileEncoding = 4; lastKnownFileType = sourcecode.c.h; name = ASICacheDelegate.h; path = Classes/ASIHTTP/ASICacheDelegate.h; sourceTree = "<group>"; };
		E184ACF7140D3FB7004EBF5A /* ASIDataCompressor.h */ = {isa = PBXFileReference; fileEncoding = 4; lastKnownFileType = sourcecode.c.h; name = ASIDataCompressor.h; path = Classes/ASIHTTP/ASIDataCompressor.h; sourceTree = "<group>"; };
		E184ACF8140D3FB7004EBF5A /* ASIDataCompressor.m */ = {isa = PBXFileReference; fileEncoding = 4; lastKnownFileType = sourcecode.c.objc; name = ASIDataCompressor.m; path = Classes/ASIHTTP/ASIDataCompressor.m; sourceTree = "<group>"; };
		E184ACF9140D3FB7004EBF5A /* ASIDataDecompressor.h */ = {isa = PBXFileReference; fileEncoding = 4; lastKnownFileType = sourcecode.c.h; name = ASIDataDecompressor.h; path = Classes/ASIHTTP/ASIDataDecompressor.h; sourceTree = "<group>"; };
		E184ACFA140D3FB7004EBF5A /* ASIDataDecompressor.m */ = {isa = PBXFileReference; fileEncoding = 4; lastKnownFileType = sourcecode.c.objc; name = ASIDataDecompressor.m; path = Classes/ASIHTTP/ASIDataDecompressor.m; sourceTree = "<group>"; };
		E184ACFB140D3FB7004EBF5A /* ASIDownloadCache.h */ = {isa = PBXFileReference; fileEncoding = 4; lastKnownFileType = sourcecode.c.h; name = ASIDownloadCache.h; path = Classes/ASIHTTP/ASIDownloadCache.h; sourceTree = "<group>"; };
		E184ACFC140D3FB7004EBF5A /* ASIDownloadCache.m */ = {isa = PBXFileReference; fileEncoding = 4; lastKnownFileType = sourcecode.c.objc; name = ASIDownloadCache.m; path = Classes/ASIHTTP/ASIDownloadCache.m; sourceTree = "<group>"; };
		E184ACFD140D3FB7004EBF5A /* ASIFormDataRequest.h */ = {isa = PBXFileReference; fileEncoding = 4; lastKnownFileType = sourcecode.c.h; name = ASIFormDataRequest.h; path = Classes/ASIHTTP/ASIFormDataRequest.h; sourceTree = "<group>"; };
		E184ACFE140D3FB7004EBF5A /* ASIFormDataRequest.m */ = {isa = PBXFileReference; fileEncoding = 4; lastKnownFileType = sourcecode.c.objc; name = ASIFormDataRequest.m; path = Classes/ASIHTTP/ASIFormDataRequest.m; sourceTree = "<group>"; };
		E184ACFF140D3FB7004EBF5A /* ASIHTTPRequest.h */ = {isa = PBXFileReference; fileEncoding = 4; lastKnownFileType = sourcecode.c.h; name = ASIHTTPRequest.h; path = Classes/ASIHTTP/ASIHTTPRequest.h; sourceTree = "<group>"; };
		E184AD00140D3FB7004EBF5A /* ASIHTTPRequest.m */ = {isa = PBXFileReference; fileEncoding = 4; lastKnownFileType = sourcecode.c.objc; name = ASIHTTPRequest.m; path = Classes/ASIHTTP/ASIHTTPRequest.m; sourceTree = "<group>"; };
		E184AD01140D3FB7004EBF5A /* ASIHTTPRequestConfig.h */ = {isa = PBXFileReference; fileEncoding = 4; lastKnownFileType = sourcecode.c.h; name = ASIHTTPRequestConfig.h; path = Classes/ASIHTTP/ASIHTTPRequestConfig.h; sourceTree = "<group>"; };
		E184AD02140D3FB7004EBF5A /* ASIHTTPRequestDelegate.h */ = {isa = PBXFileReference; fileEncoding = 4; lastKnownFileType = sourcecode.c.h; name = ASIHTTPRequestDelegate.h; path = Classes/ASIHTTP/ASIHTTPRequestDelegate.h; sourceTree = "<group>"; };
		E184AD03140D3FB7004EBF5A /* ASIInputStream.h */ = {isa = PBXFileReference; fileEncoding = 4; lastKnownFileType = sourcecode.c.h; name = ASIInputStream.h; path = Classes/ASIHTTP/ASIInputStream.h; sourceTree = "<group>"; };
		E184AD04140D3FB7004EBF5A /* ASIInputStream.m */ = {isa = PBXFileReference; fileEncoding = 4; lastKnownFileType = sourcecode.c.objc; name = ASIInputStream.m; path = Classes/ASIHTTP/ASIInputStream.m; sourceTree = "<group>"; };
		E184AD05140D3FB7004EBF5A /* ASINetworkQueue.h */ = {isa = PBXFileReference; fileEncoding = 4; lastKnownFileType = sourcecode.c.h; name = ASINetworkQueue.h; path = Classes/ASIHTTP/ASINetworkQueue.h; sourceTree = "<group>"; };
		E184AD06140D3FB7004EBF5A /* ASINetworkQueue.m */ = {isa = PBXFileReference; fileEncoding = 4; lastKnownFileType = sourcecode.c.objc; name = ASINetworkQueue.m; path = Classes/ASIHTTP/ASINetworkQueue.m; sourceTree = "<group>"; };
		E184AD07140D3FB7004EBF5A /* ASIProgressDelegate.h */ = {isa = PBXFileReference; fileEncoding = 4; lastKnownFileType = sourcecode.c.h; name = ASIProgressDelegate.h; path = Classes/ASIHTTP/ASIProgressDelegate.h; sourceTree = "<group>"; };
		E184AD08140D3FB7004EBF5A /* Reachability.h */ = {isa = PBXFileReference; fileEncoding = 4; lastKnownFileType = sourcecode.c.h; name = Reachability.h; path = Classes/ASIHTTP/Reachability.h; sourceTree = "<group>"; };
		E184AD09140D3FB7004EBF5A /* Reachability.m */ = {isa = PBXFileReference; fileEncoding = 4; lastKnownFileType = sourcecode.c.objc; name = Reachability.m; path = Classes/ASIHTTP/Reachability.m; sourceTree = "<group>"; };
		E184AD13140D3FCA004EBF5A /* CXMLDocument_PrivateExtensions.h */ = {isa = PBXFileReference; fileEncoding = 4; lastKnownFileType = sourcecode.c.h; name = CXMLDocument_PrivateExtensions.h; path = Classes/TouchXML/CXMLDocument_PrivateExtensions.h; sourceTree = "<group>"; };
		E184AD14140D3FCA004EBF5A /* CXMLDocument_PrivateExtensions.m */ = {isa = PBXFileReference; fileEncoding = 4; lastKnownFileType = sourcecode.c.objc; name = CXMLDocument_PrivateExtensions.m; path = Classes/TouchXML/CXMLDocument_PrivateExtensions.m; sourceTree = "<group>"; };
		E184AD15140D3FCA004EBF5A /* CXMLDocument.h */ = {isa = PBXFileReference; fileEncoding = 4; lastKnownFileType = sourcecode.c.h; name = CXMLDocument.h; path = Classes/TouchXML/CXMLDocument.h; sourceTree = "<group>"; };
		E184AD16140D3FCA004EBF5A /* CXMLDocument.m */ = {isa = PBXFileReference; fileEncoding = 4; lastKnownFileType = sourcecode.c.objc; name = CXMLDocument.m; path = Classes/TouchXML/CXMLDocument.m; sourceTree = "<group>"; };
		E184AD17140D3FCA004EBF5A /* CXMLElement.h */ = {isa = PBXFileReference; fileEncoding = 4; lastKnownFileType = sourcecode.c.h; name = CXMLElement.h; path = Classes/TouchXML/CXMLElement.h; sourceTree = "<group>"; };
		E184AD18140D3FCA004EBF5A /* CXMLElement.m */ = {isa = PBXFileReference; fileEncoding = 4; lastKnownFileType = sourcecode.c.objc; name = CXMLElement.m; path = Classes/TouchXML/CXMLElement.m; sourceTree = "<group>"; };
		E184AD19140D3FCA004EBF5A /* CXMLNode_PrivateExtensions.h */ = {isa = PBXFileReference; fileEncoding = 4; lastKnownFileType = sourcecode.c.h; name = CXMLNode_PrivateExtensions.h; path = Classes/TouchXML/CXMLNode_PrivateExtensions.h; sourceTree = "<group>"; };
		E184AD1A140D3FCA004EBF5A /* CXMLNode_PrivateExtensions.m */ = {isa = PBXFileReference; fileEncoding = 4; lastKnownFileType = sourcecode.c.objc; name = CXMLNode_PrivateExtensions.m; path = Classes/TouchXML/CXMLNode_PrivateExtensions.m; sourceTree = "<group>"; };
		E184AD1B140D3FCA004EBF5A /* CXMLNode_XPathExtensions.h */ = {isa = PBXFileReference; fileEncoding = 4; lastKnownFileType = sourcecode.c.h; name = CXMLNode_XPathExtensions.h; path = Classes/TouchXML/CXMLNode_XPathExtensions.h; sourceTree = "<group>"; };
		E184AD1C140D3FCA004EBF5A /* CXMLNode_XPathExtensions.m */ = {isa = PBXFileReference; fileEncoding = 4; lastKnownFileType = sourcecode.c.objc; name = CXMLNode_XPathExtensions.m; path = Classes/TouchXML/CXMLNode_XPathExtensions.m; sourceTree = "<group>"; };
		E184AD1D140D3FCA004EBF5A /* CXMLNode.h */ = {isa = PBXFileReference; fileEncoding = 4; lastKnownFileType = sourcecode.c.h; name = CXMLNode.h; path = Classes/TouchXML/CXMLNode.h; sourceTree = "<group>"; };
		E184AD1E140D3FCA004EBF5A /* CXMLNode.m */ = {isa = PBXFileReference; fileEncoding = 4; lastKnownFileType = sourcecode.c.objc; name = CXMLNode.m; path = Classes/TouchXML/CXMLNode.m; sourceTree = "<group>"; };
		E184AD1F140D3FCA004EBF5A /* TouchXML.h */ = {isa = PBXFileReference; fileEncoding = 4; lastKnownFileType = sourcecode.c.h; name = TouchXML.h; path = Classes/TouchXML/TouchXML.h; sourceTree = "<group>"; };
		E184AD31140D401B004EBF5A /* SoapRequest.h */ = {isa = PBXFileReference; fileEncoding = 4; lastKnownFileType = sourcecode.c.h; path = SoapRequest.h; sourceTree = "<group>"; };
		E184AD32140D401B004EBF5A /* SoapRequest.m */ = {isa = PBXFileReference; fileEncoding = 4; lastKnownFileType = sourcecode.c.objc; path = SoapRequest.m; sourceTree = "<group>"; };
		E184AD4C140D466B004EBF5A /* VCBase.h */ = {isa = PBXFileReference; fileEncoding = 4; lastKnownFileType = sourcecode.c.h; path = VCBase.h; sourceTree = "<group>"; };
		E184AD4D140D466B004EBF5A /* VCBase.m */ = {isa = PBXFileReference; fileEncoding = 4; lastKnownFileType = sourcecode.c.objc; path = VCBase.m; sourceTree = "<group>"; };
		E184AD50140D46B6004EBF5A /* plak.wav */ = {isa = PBXFileReference; lastKnownFileType = audio.wav; name = plak.wav; path = snd/plak.wav; sourceTree = "<group>"; };
		E184AD52140D4717004EBF5A /* SplashVC.h */ = {isa = PBXFileReference; fileEncoding = 4; lastKnownFileType = sourcecode.c.h; path = SplashVC.h; sourceTree = "<group>"; };
		E184AD53140D4717004EBF5A /* SplashVC.m */ = {isa = PBXFileReference; fileEncoding = 4; lastKnownFileType = sourcecode.c.objc; path = SplashVC.m; sourceTree = "<group>"; };
		E184AD54140D4717004EBF5A /* SplashVC.xib */ = {isa = PBXFileReference; lastKnownFileType = file.xib; path = SplashVC.xib; sourceTree = "<group>"; };
		E184AD58140D47AB004EBF5A /* MainMenuVC.h */ = {isa = PBXFileReference; fileEncoding = 4; lastKnownFileType = sourcecode.c.h; path = MainMenuVC.h; sourceTree = "<group>"; };
		E184AD59140D47AB004EBF5A /* MainMenuVC.m */ = {isa = PBXFileReference; fileEncoding = 4; lastKnownFileType = sourcecode.c.objc; path = MainMenuVC.m; sourceTree = "<group>"; };
		E184AD5A140D47AB004EBF5A /* MainMenuVC.xib */ = {isa = PBXFileReference; lastKnownFileType = file.xib; path = MainMenuVC.xib; sourceTree = "<group>"; };
		E184AD5F140D47E8004EBF5A /* AVFoundation.framework */ = {isa = PBXFileReference; lastKnownFileType = wrapper.framework; name = AVFoundation.framework; path = System/Library/Frameworks/AVFoundation.framework; sourceTree = SDKROOT; };
		E184ADA0140D4949004EBF5A /* splash2.png */ = {isa = PBXFileReference; lastKnownFileType = image.png; name = splash2.png; path = img/splash2.png; sourceTree = "<group>"; };
		E18558CE149BE21B0069202E /* MapKit.framework */ = {isa = PBXFileReference; lastKnownFileType = wrapper.framework; name = MapKit.framework; path = System/Library/Frameworks/MapKit.framework; sourceTree = SDKROOT; };
		E18558D0149BE3B60069202E /* ImageIO.framework */ = {isa = PBXFileReference; lastKnownFileType = wrapper.framework; name = ImageIO.framework; path = System/Library/Frameworks/ImageIO.framework; sourceTree = SDKROOT; };
		E1856054149E38E1004AE040 /* logo.png */ = {isa = PBXFileReference; lastKnownFileType = image.png; name = logo.png; path = img/logo.png; sourceTree = "<group>"; };
		E18AD8D7146ADD7F000ACB4F /* iphone4-add-account.png */ = {isa = PBXFileReference; lastKnownFileType = image.png; name = "iphone4-add-account.png"; path = "img/iphone4-add-account.png"; sourceTree = "<group>"; };
		E18AD8D8146ADD7F000ACB4F /* iphone4-viewaccount.png */ = {isa = PBXFileReference; lastKnownFileType = image.png; name = "iphone4-viewaccount.png"; path = "img/iphone4-viewaccount.png"; sourceTree = "<group>"; };
		E18AD8DB146AE8E6000ACB4F /* AccountTVCLand.xib */ = {isa = PBXFileReference; fileEncoding = 4; lastKnownFileType = file.xib; path = AccountTVCLand.xib; sourceTree = "<group>"; };
		E18AD8DD146AEB26000ACB4F /* account_item_back_land.png */ = {isa = PBXFileReference; lastKnownFileType = image.png; name = account_item_back_land.png; path = img/account_item_back_land.png; sourceTree = "<group>"; };
		E18EB17A1469ACA0004C979C /* blank_bar.png */ = {isa = PBXFileReference; lastKnownFileType = image.png; name = blank_bar.png; path = img/blank_bar.png; sourceTree = "<group>"; };
		E18F3CA0145461CB00DC83D7 /* AccountsVC.h */ = {isa = PBXFileReference; fileEncoding = 4; lastKnownFileType = sourcecode.c.h; path = AccountsVC.h; sourceTree = "<group>"; };
		E18F3CA1145461CB00DC83D7 /* AccountsVC.m */ = {isa = PBXFileReference; fileEncoding = 4; lastKnownFileType = sourcecode.c.objc; path = AccountsVC.m; sourceTree = "<group>"; };
		E18F3CA2145461CB00DC83D7 /* AccountsVC.xib */ = {isa = PBXFileReference; lastKnownFileType = file.xib; path = AccountsVC.xib; sourceTree = "<group>"; };
		E18F3CC714546A8500DC83D7 /* iToast.h */ = {isa = PBXFileReference; fileEncoding = 4; lastKnownFileType = sourcecode.c.h; path = iToast.h; sourceTree = "<group>"; };
		E18F3CC814546A8500DC83D7 /* iToast.m */ = {isa = PBXFileReference; fileEncoding = 4; lastKnownFileType = sourcecode.c.objc; path = iToast.m; sourceTree = "<group>"; };
		E18F3D2B14547C8600DC83D7 /* account_item_back.png */ = {isa = PBXFileReference; lastKnownFileType = image.png; name = account_item_back.png; path = img/account_item_back.png; sourceTree = "<group>"; };
		E18F484F148B713F00AEB04F /* UploadImage.txt */ = {isa = PBXFileReference; fileEncoding = 4; lastKnownFileType = text; name = UploadImage.txt; path = soap_requests/UploadImage.txt; sourceTree = "<group>"; };
		E18F4851148B755C00AEB04F /* Base64.h */ = {isa = PBXFileReference; fileEncoding = 4; lastKnownFileType = sourcecode.c.h; path = Base64.h; sourceTree = "<group>"; };
		E18F4852148B755D00AEB04F /* Base64.m */ = {isa = PBXFileReference; fileEncoding = 4; lastKnownFileType = sourcecode.c.objc; path = Base64.m; sourceTree = "<group>"; };
		E1904B16141AA3D700E48312 /* SharepointListsVC.h */ = {isa = PBXFileReference; fileEncoding = 4; lastKnownFileType = sourcecode.c.h; path = SharepointListsVC.h; sourceTree = "<group>"; };
		E1904B17141AA3D700E48312 /* SharepointListsVC.m */ = {isa = PBXFileReference; fileEncoding = 4; lastKnownFileType = sourcecode.c.objc; path = SharepointListsVC.m; sourceTree = "<group>"; };
		E1904B18141AA3D700E48312 /* SharepointListsVC.xib */ = {isa = PBXFileReference; lastKnownFileType = file.xib; path = SharepointListsVC.xib; sourceTree = "<group>"; };
		E1904B38141AA9A000E48312 /* botton_bar.png */ = {isa = PBXFileReference; lastKnownFileType = image.png; name = botton_bar.png; path = img/botton_bar.png; sourceTree = "<group>"; };
		E1904B43141AAABA00E48312 /* SharepointListsTVC.h */ = {isa = PBXFileReference; fileEncoding = 4; lastKnownFileType = sourcecode.c.h; path = SharepointListsTVC.h; sourceTree = "<group>"; };
		E1904B44141AAABA00E48312 /* SharepointListsTVC.m */ = {isa = PBXFileReference; fileEncoding = 4; lastKnownFileType = sourcecode.c.objc; path = SharepointListsTVC.m; sourceTree = "<group>"; };
		E1909C7F143A0B86000BB5BF /* icon.png */ = {isa = PBXFileReference; lastKnownFileType = image.png; name = icon.png; path = img/icon.png; sourceTree = "<group>"; };
		E1909CA3143A0CB1000BB5BF /* back_btn.png */ = {isa = PBXFileReference; lastKnownFileType = image.png; name = back_btn.png; path = img/back_btn.png; sourceTree = "<group>"; };
		E1987968141B5712004B4889 /* GetList.txt */ = {isa = PBXFileReference; fileEncoding = 4; lastKnownFileType = text; name = GetList.txt; path = soap_requests/GetList.txt; sourceTree = "<group>"; };
		E19879AD141B60E8004B4889 /* GetListAndView.txt */ = {isa = PBXFileReference; fileEncoding = 4; lastKnownFileType = text; name = GetListAndView.txt; path = soap_requests/GetListAndView.txt; sourceTree = "<group>"; };
		E19879C0141B664B004B4889 /* GetListItems.txt */ = {isa = PBXFileReference; fileEncoding = 4; lastKnownFileType = text; name = GetListItems.txt; path = soap_requests/GetListItems.txt; sourceTree = "<group>"; };
		E19879EB141B7E7C004B4889 /* WebViewVC.h */ = {isa = PBXFileReference; fileEncoding = 4; lastKnownFileType = sourcecode.c.h; path = WebViewVC.h; sourceTree = "<group>"; };
		E19879EC141B7E7C004B4889 /* WebViewVC.m */ = {isa = PBXFileReference; fileEncoding = 4; lastKnownFileType = sourcecode.c.objc; path = WebViewVC.m; sourceTree = "<group>"; };
		E19879ED141B7E7C004B4889 /* WebViewVC.xib */ = {isa = PBXFileReference; lastKnownFileType = file.xib; path = WebViewVC.xib; sourceTree = "<group>"; };
		E1987A12141B878B004B4889 /* SharepointListVC.h */ = {isa = PBXFileReference; fileEncoding = 4; lastKnownFileType = sourcecode.c.h; path = SharepointListVC.h; sourceTree = "<group>"; };
		E1987A13141B878B004B4889 /* SharepointListVC.m */ = {isa = PBXFileReference; fileEncoding = 4; lastKnownFileType = sourcecode.c.objc; path = SharepointListVC.m; sourceTree = "<group>"; };
		E1987A14141B878B004B4889 /* SharepointListVC.xib */ = {isa = PBXFileReference; lastKnownFileType = file.xib; path = SharepointListVC.xib; sourceTree = "<group>"; };
		E1987A1D141B8804004B4889 /* SharepointListTVC.h */ = {isa = PBXFileReference; fileEncoding = 4; lastKnownFileType = sourcecode.c.h; path = SharepointListTVC.h; sourceTree = "<group>"; };
		E1987A1E141B8804004B4889 /* SharepointListTVC.m */ = {isa = PBXFileReference; fileEncoding = 4; lastKnownFileType = sourcecode.c.objc; path = SharepointListTVC.m; sourceTree = "<group>"; };
		E1A1912A145F0191006D6DA1 /* excelicon.png */ = {isa = PBXFileReference; lastKnownFileType = image.png; name = excelicon.png; path = img/excelicon.png; sourceTree = "<group>"; };
		E1A1912B145F0191006D6DA1 /* pdficon.png */ = {isa = PBXFileReference; lastKnownFileType = image.png; name = pdficon.png; path = img/pdficon.png; sourceTree = "<group>"; };
		E1A1912C145F0191006D6DA1 /* photoicon.png */ = {isa = PBXFileReference; lastKnownFileType = image.png; name = photoicon.png; path = img/photoicon.png; sourceTree = "<group>"; };
		E1A1912D145F0191006D6DA1 /* ppticon.png */ = {isa = PBXFileReference; lastKnownFileType = image.png; name = ppticon.png; path = img/ppticon.png; sourceTree = "<group>"; };
		E1A1912E145F0191006D6DA1 /* wordicon.png */ = {isa = PBXFileReference; lastKnownFileType = image.png; name = wordicon.png; path = img/wordicon.png; sourceTree = "<group>"; };
		E1A19189145F0BED006D6DA1 /* ServicesVC.h */ = {isa = PBXFileReference; fileEncoding = 4; lastKnownFileType = sourcecode.c.h; path = ServicesVC.h; sourceTree = "<group>"; };
		E1A1918A145F0BED006D6DA1 /* ServicesVC.m */ = {isa = PBXFileReference; fileEncoding = 4; lastKnownFileType = sourcecode.c.objc; path = ServicesVC.m; sourceTree = "<group>"; };
		E1A1918B145F0BED006D6DA1 /* ServicesVC.xib */ = {isa = PBXFileReference; lastKnownFileType = file.xib; path = ServicesVC.xib; sourceTree = "<group>"; };
		E1A19194145F0DD9006D6DA1 /* about_screen.png */ = {isa = PBXFileReference; lastKnownFileType = image.png; name = about_screen.png; path = img/about_screen.png; sourceTree = "<group>"; };
		E1A19195145F0DD9006D6DA1 /* contact_screen.png */ = {isa = PBXFileReference; lastKnownFileType = image.png; name = contact_screen.png; path = img/contact_screen.png; sourceTree = "<group>"; };
		E1A19196145F0DD9006D6DA1 /* services_screen.png */ = {isa = PBXFileReference; lastKnownFileType = image.png; name = services_screen.png; path = img/services_screen.png; sourceTree = "<group>"; };
		E1A1919E145F0F1D006D6DA1 /* foldericon.png */ = {isa = PBXFileReference; lastKnownFileType = image.png; name = foldericon.png; path = img/foldericon.png; sourceTree = "<group>"; };
		E1A191AF145F1067006D6DA1 /* ContactVC.h */ = {isa = PBXFileReference; fileEncoding = 4; lastKnownFileType = sourcecode.c.h; path = ContactVC.h; sourceTree = "<group>"; };
		E1A191B0145F1067006D6DA1 /* ContactVC.m */ = {isa = PBXFileReference; fileEncoding = 4; lastKnownFileType = sourcecode.c.objc; path = ContactVC.m; sourceTree = "<group>"; };
		E1A191B1145F1067006D6DA1 /* ContactVC.xib */ = {isa = PBXFileReference; lastKnownFileType = file.xib; path = ContactVC.xib; sourceTree = "<group>"; };
		E1A191C7145F1259006D6DA1 /* AppInfoVC.h */ = {isa = PBXFileReference; fileEncoding = 4; lastKnownFileType = sourcecode.c.h; path = AppInfoVC.h; sourceTree = "<group>"; };
		E1A191C8145F1259006D6DA1 /* AppInfoVC.m */ = {isa = PBXFileReference; fileEncoding = 4; lastKnownFileType = sourcecode.c.objc; path = AppInfoVC.m; sourceTree = "<group>"; };
		E1A191C9145F1259006D6DA1 /* AppInfoVC.xib */ = {isa = PBXFileReference; lastKnownFileType = file.xib; path = AppInfoVC.xib; sourceTree = "<group>"; };
		E1A19326145F1B43006D6DA1 /* MessageUI.framework */ = {isa = PBXFileReference; lastKnownFileType = wrapper.framework; name = MessageUI.framework; path = System/Library/Frameworks/MessageUI.framework; sourceTree = SDKROOT; };
		E1F9935E1417F54B00149C20 /* main_menu.png */ = {isa = PBXFileReference; lastKnownFileType = image.png; name = main_menu.png; path = img/main_menu.png; sourceTree = "<group>"; };
		E1F993741417F81D00149C20 /* LoginVC.h */ = {isa = PBXFileReference; fileEncoding = 4; lastKnownFileType = sourcecode.c.h; path = LoginVC.h; sourceTree = "<group>"; };
		E1F993751417F81D00149C20 /* LoginVC.m */ = {isa = PBXFileReference; fileEncoding = 4; lastKnownFileType = sourcecode.c.objc; path = LoginVC.m; sourceTree = "<group>"; };
		E1F993761417F81D00149C20 /* LoginVC.xib */ = {isa = PBXFileReference; lastKnownFileType = file.xib; path = LoginVC.xib; sourceTree = "<group>"; };
		E1F9937A1417F86200149C20 /* login_screen.png */ = {isa = PBXFileReference; lastKnownFileType = image.png; name = login_screen.png; path = img/login_screen.png; sourceTree = "<group>"; };
		E1F993B3141800A200149C20 /* GetListCollection.txt */ = {isa = PBXFileReference; fileEncoding = 4; lastKnownFileType = text; name = GetListCollection.txt; path = soap_requests/GetListCollection.txt; sourceTree = "<group>"; };
/* End PBXFileReference section */

/* Begin PBXFrameworksBuildPhase section */
		1D60588F0D05DD3D006BFB54 /* Frameworks */ = {
			isa = PBXFrameworksBuildPhase;
			buildActionMask = 2147483647;
			files = (
				E18558D1149BE3B60069202E /* ImageIO.framework in Frameworks */,
				E18558CF149BE21B0069202E /* MapKit.framework in Frameworks */,
				E1550B231460209700A1DE4E /* libz.1.2.5.dylib in Frameworks */,
				E1550B211460203000A1DE4E /* libxml2.2.7.3.dylib in Frameworks */,
				1D60589F0D05DD5A006BFB54 /* Foundation.framework in Frameworks */,
				1DF5F4E00D08C38300B7A737 /* UIKit.framework in Frameworks */,
				288765FD0DF74451002DB57D /* CoreGraphics.framework in Frameworks */,
				E184ACE7140D3EF1004EBF5A /* CFNetwork.framework in Frameworks */,
				E184ACE9140D3F0A004EBF5A /* SystemConfiguration.framework in Frameworks */,
				E184ACED140D3F28004EBF5A /* Security.framework in Frameworks */,
				E184ACEF140D3F43004EBF5A /* MobileCoreServices.framework in Frameworks */,
				E184AD60140D47E8004EBF5A /* AVFoundation.framework in Frameworks */,
				E1A19327145F1B43006D6DA1 /* MessageUI.framework in Frameworks */,
			);
			runOnlyForDeploymentPostprocessing = 0;
		};
/* End PBXFrameworksBuildPhase section */

/* Begin PBXGroup section */
		080E96DDFE201D6D7F000001 /* Classes */ = {
			isa = PBXGroup;
			children = (
				E17E37B6148BD5F300C9F0B5 /* UTIL */,
				E184ACE5140D3ECA004EBF5A /* ASIHTTP */,
				E184AD26140D3FD4004EBF5A /* XML */,
				1D3623240D0F684500981E51 /* rhead_sharepoint_ipAppDelegate.h */,
				1D3623250D0F684500981E51 /* rhead_sharepoint_ipAppDelegate.m */,
				E184AD4C140D466B004EBF5A /* VCBase.h */,
				E184AD4D140D466B004EBF5A /* VCBase.m */,
				E184AD31140D401B004EBF5A /* SoapRequest.h */,
				E184AD32140D401B004EBF5A /* SoapRequest.m */,
				E184AD52140D4717004EBF5A /* SplashVC.h */,
				E184AD53140D4717004EBF5A /* SplashVC.m */,
				E184AD54140D4717004EBF5A /* SplashVC.xib */,
				E184AD58140D47AB004EBF5A /* MainMenuVC.h */,
				E184AD59140D47AB004EBF5A /* MainMenuVC.m */,
				E184AD5A140D47AB004EBF5A /* MainMenuVC.xib */,
				E1F993741417F81D00149C20 /* LoginVC.h */,
				E1F993751417F81D00149C20 /* LoginVC.m */,
				E1F993761417F81D00149C20 /* LoginVC.xib */,
				E1904B16141AA3D700E48312 /* SharepointListsVC.h */,
				E1904B17141AA3D700E48312 /* SharepointListsVC.m */,
				E1904B18141AA3D700E48312 /* SharepointListsVC.xib */,
				E1904B43141AAABA00E48312 /* SharepointListsTVC.h */,
				E1904B44141AAABA00E48312 /* SharepointListsTVC.m */,
				E1987A12141B878B004B4889 /* SharepointListVC.h */,
				E1987A13141B878B004B4889 /* SharepointListVC.m */,
				E1987A14141B878B004B4889 /* SharepointListVC.xib */,
				E14C59B8145D612F00DE2B09 /* SharepointListCell.xib */,
				E1845EE71493EA3B0081B47B /* SharepointListCellLand.xib */,
				E1987A1D141B8804004B4889 /* SharepointListTVC.h */,
				E1987A1E141B8804004B4889 /* SharepointListTVC.m */,
				E19879EB141B7E7C004B4889 /* WebViewVC.h */,
				E19879EC141B7E7C004B4889 /* WebViewVC.m */,
				E19879ED141B7E7C004B4889 /* WebViewVC.xib */,
				E18F3CA0145461CB00DC83D7 /* AccountsVC.h */,
				E18F3CA1145461CB00DC83D7 /* AccountsVC.m */,
				E18F3CA2145461CB00DC83D7 /* AccountsVC.xib */,
				E14C58BA145D4C9300DE2B09 /* AccountTVC.xib */,
				E18AD8DB146AE8E6000ACB4F /* AccountTVCLand.xib */,
				E1A19189145F0BED006D6DA1 /* ServicesVC.h */,
				E1A1918A145F0BED006D6DA1 /* ServicesVC.m */,
				E1A1918B145F0BED006D6DA1 /* ServicesVC.xib */,
				E1A191AF145F1067006D6DA1 /* ContactVC.h */,
				E1A191B0145F1067006D6DA1 /* ContactVC.m */,
				E1A191B1145F1067006D6DA1 /* ContactVC.xib */,
				E1A191C7145F1259006D6DA1 /* AppInfoVC.h */,
				E1A191C8145F1259006D6DA1 /* AppInfoVC.m */,
				E1A191C9145F1259006D6DA1 /* AppInfoVC.xib */,
			);
			path = Classes;
			sourceTree = "<group>";
		};
		19C28FACFE9D520D11CA2CBB /* Products */ = {
			isa = PBXGroup;
			children = (
				1D6058910D05DD3D006BFB54 /* rhead_sharepoint_ip.app */,
			);
			name = Products;
			sourceTree = "<group>";
		};
		29B97314FDCFA39411CA2CEA /* CustomTemplate */ = {
			isa = PBXGroup;
			children = (
				C093CC96146C365B00BF34CE /* build */,
				C04B15A8146C2D6400BAB279 /* apphr.png */,
				C04B15A6146C2C9600BAB279 /* appicon.png */,
				C04B15A5146C2B7600BAB279 /* rhead_sharepoint_ip.entitlements */,
				080E96DDFE201D6D7F000001 /* Classes */,
				29B97315FDCFA39411CA2CEA /* Other Sources */,
				29B97317FDCFA39411CA2CEA /* Resources */,
				29B97323FDCFA39411CA2CEA /* Frameworks */,
				19C28FACFE9D520D11CA2CBB /* Products */,
				E15B158A146D04500013AC56 /* rhead_sharepoint_ip copy-Info.plist */,
			);
			name = CustomTemplate;
			sourceTree = "<group>";
		};
		29B97315FDCFA39411CA2CEA /* Other Sources */ = {
			isa = PBXGroup;
			children = (
				32CA4F630368D1EE00C91783 /* rhead_sharepoint_ip_Prefix.pch */,
				29B97316FDCFA39411CA2CEA /* main.m */,
			);
			name = "Other Sources";
			sourceTree = "<group>";
		};
		29B97317FDCFA39411CA2CEA /* Resources */ = {
			isa = PBXGroup;
			children = (
				E1F993B5141800A700149C20 /* soap_requests */,
				E184AD4F140D46A5004EBF5A /* snd */,
				E184AD49140D45F5004EBF5A /* img */,
				28AD733E0D9D9553002E5188 /* MainWindow.xib */,
				8D1107310486CEB800E47090 /* rhead_sharepoint_ip-Info.plist */,
				E1811751145FF0DA005ADAD5 /* contact.html */,
			);
			name = Resources;
			sourceTree = "<group>";
		};
		29B97323FDCFA39411CA2CEA /* Frameworks */ = {
			isa = PBXGroup;
			children = (
				E18558D0149BE3B60069202E /* ImageIO.framework */,
				E1550B201460202F00A1DE4E /* libxml2.2.7.3.dylib */,
				E18558CE149BE21B0069202E /* MapKit.framework */,
				E1550B221460209700A1DE4E /* libz.1.2.5.dylib */,
				E1A19326145F1B43006D6DA1 /* MessageUI.framework */,
				E184AD5F140D47E8004EBF5A /* AVFoundation.framework */,
				1DF5F4DF0D08C38300B7A737 /* UIKit.framework */,
				1D30AB110D05D00D00671497 /* Foundation.framework */,
				288765FC0DF74451002DB57D /* CoreGraphics.framework */,
				E184ACE6140D3EF1004EBF5A /* CFNetwork.framework */,
				E184ACE8140D3F0A004EBF5A /* SystemConfiguration.framework */,
				E184ACEC140D3F28004EBF5A /* Security.framework */,
				E184ACEE140D3F43004EBF5A /* MobileCoreServices.framework */,
			);
			name = Frameworks;
			sourceTree = "<group>";
		};
		C093CC96146C365B00BF34CE /* build */ = {
			isa = PBXGroup;
			children = (
			);
			name = build;
			sourceTree = "<group>";
		};
		E17E37B6148BD5F300C9F0B5 /* UTIL */ = {
			isa = PBXGroup;
			children = (
				E18F4851148B755C00AEB04F /* Base64.h */,
				E18F4852148B755D00AEB04F /* Base64.m */,
			);
			name = UTIL;
			sourceTree = "<group>";
		};
		E184ACE5140D3ECA004EBF5A /* ASIHTTP */ = {
			isa = PBXGroup;
			children = (
				E184ACF4140D3FB7004EBF5A /* ASIAuthenticationDialog.h */,
				E184ACF5140D3FB7004EBF5A /* ASIAuthenticationDialog.m */,
				E184ACF6140D3FB7004EBF5A /* ASICacheDelegate.h */,
				E184ACF7140D3FB7004EBF5A /* ASIDataCompressor.h */,
				E184ACF8140D3FB7004EBF5A /* ASIDataCompressor.m */,
				E184ACF9140D3FB7004EBF5A /* ASIDataDecompressor.h */,
				E184ACFA140D3FB7004EBF5A /* ASIDataDecompressor.m */,
				E184ACFB140D3FB7004EBF5A /* ASIDownloadCache.h */,
				E184ACFC140D3FB7004EBF5A /* ASIDownloadCache.m */,
				E184ACFD140D3FB7004EBF5A /* ASIFormDataRequest.h */,
				E184ACFE140D3FB7004EBF5A /* ASIFormDataRequest.m */,
				E184ACFF140D3FB7004EBF5A /* ASIHTTPRequest.h */,
				E184AD00140D3FB7004EBF5A /* ASIHTTPRequest.m */,
				E184AD01140D3FB7004EBF5A /* ASIHTTPRequestConfig.h */,
				E184AD02140D3FB7004EBF5A /* ASIHTTPRequestDelegate.h */,
				E184AD03140D3FB7004EBF5A /* ASIInputStream.h */,
				E184AD04140D3FB7004EBF5A /* ASIInputStream.m */,
				E184AD05140D3FB7004EBF5A /* ASINetworkQueue.h */,
				E184AD06140D3FB7004EBF5A /* ASINetworkQueue.m */,
				E184AD07140D3FB7004EBF5A /* ASIProgressDelegate.h */,
				E184AD08140D3FB7004EBF5A /* Reachability.h */,
				E184AD09140D3FB7004EBF5A /* Reachability.m */,
			);
			name = ASIHTTP;
			path = ..;
			sourceTree = "<group>";
		};
		E184AD26140D3FD4004EBF5A /* XML */ = {
			isa = PBXGroup;
			children = (
				E18F3CC714546A8500DC83D7 /* iToast.h */,
				E18F3CC814546A8500DC83D7 /* iToast.m */,
				E184AD13140D3FCA004EBF5A /* CXMLDocument_PrivateExtensions.h */,
				E184AD14140D3FCA004EBF5A /* CXMLDocument_PrivateExtensions.m */,
				E184AD15140D3FCA004EBF5A /* CXMLDocument.h */,
				E184AD16140D3FCA004EBF5A /* CXMLDocument.m */,
				E184AD17140D3FCA004EBF5A /* CXMLElement.h */,
				E184AD18140D3FCA004EBF5A /* CXMLElement.m */,
				E184AD19140D3FCA004EBF5A /* CXMLNode_PrivateExtensions.h */,
				E184AD1A140D3FCA004EBF5A /* CXMLNode_PrivateExtensions.m */,
				E184AD1B140D3FCA004EBF5A /* CXMLNode_XPathExtensions.h */,
				E184AD1C140D3FCA004EBF5A /* CXMLNode_XPathExtensions.m */,
				E184AD1D140D3FCA004EBF5A /* CXMLNode.h */,
				E184AD1E140D3FCA004EBF5A /* CXMLNode.m */,
				E184AD1F140D3FCA004EBF5A /* TouchXML.h */,
			);
			name = XML;
			path = ..;
			sourceTree = "<group>";
		};
		E184AD49140D45F5004EBF5A /* img */ = {
			isa = PBXGroup;
			children = (
				E1856054149E38E1004AE040 /* logo.png */,
				E172489F149A852D004478E6 /* upload_photo_buton.png */,
				E172489D149A6EF5004478E6 /* upload-images.png */,
				E1724895149A6E0A004478E6 /* photo.png */,
				E1724896149A6E0A004478E6 /* presentations.png */,
				E1724897149A6E0A004478E6 /* project-documents.png */,
				E1724898149A6E0A004478E6 /* Project-reports.png */,
				E1806F56149A5B060096531A /* delete_project_button.png */,
				E1806F54149A56E40096531A /* add_project_button.png */,
				E1806F52149A4DB10096531A /* background.png */,
				E17BB168149553E1002C6759 /* item_cell_back_land.png */,
				E17F076F14926DD600B9638D /* news_tab.png */,
				E17E37AE148BD42800C9F0B5 /* appinfo_tab.png */,
				E17E37AF148BD42800C9F0B5 /* contact_tab.png */,
				E17E37B0148BD42800C9F0B5 /* main_tab.png */,
				E17E37B1148BD42800C9F0B5 /* services_tab.png */,
				C04B15A0146C294200BAB279 /* addaccount.png */,
				C04B15A1146C294200BAB279 /* viewprojects.png */,
				C067B470146BF75F00465E66 /* add-account.png */,
				C067B471146BF75F00465E66 /* view-projects.png */,
				E18AD8DD146AEB26000ACB4F /* account_item_back_land.png */,
				E18AD8D7146ADD7F000ACB4F /* iphone4-add-account.png */,
				E18AD8D8146ADD7F000ACB4F /* iphone4-viewaccount.png */,
				E18EB17A1469ACA0004C979C /* blank_bar.png */,
				E1A1919E145F0F1D006D6DA1 /* foldericon.png */,
				E1A19194145F0DD9006D6DA1 /* about_screen.png */,
				E1A19195145F0DD9006D6DA1 /* contact_screen.png */,
				E1A19196145F0DD9006D6DA1 /* services_screen.png */,
				E1A1912A145F0191006D6DA1 /* excelicon.png */,
				E1A1912B145F0191006D6DA1 /* pdficon.png */,
				E1A1912C145F0191006D6DA1 /* photoicon.png */,
				E1A1912D145F0191006D6DA1 /* ppticon.png */,
				E1A1912E145F0191006D6DA1 /* wordicon.png */,
				E14C5A46145D6A6900DE2B09 /* sort_bar.png */,
				E14C5871145D48D900DE2B09 /* item_cell_back.png */,
				E14C5872145D48D900DE2B09 /* title_image.png */,
				E18F3D2B14547C8600DC83D7 /* account_item_back.png */,
				E17C83C8144C81F5008CE451 /* main_items_menu.png */,
				E1909CA3143A0CB1000BB5BF /* back_btn.png */,
				E1909C7F143A0B86000BB5BF /* icon.png */,
				E1904B38141AA9A000E48312 /* botton_bar.png */,
				E1F9937A1417F86200149C20 /* login_screen.png */,
				E1F9935E1417F54B00149C20 /* main_menu.png */,
				E184ADA0140D4949004EBF5A /* splash2.png */,
			);
			name = img;
			sourceTree = "<group>";
		};
		E184AD4F140D46A5004EBF5A /* snd */ = {
			isa = PBXGroup;
			children = (
				E184AD50140D46B6004EBF5A /* plak.wav */,
			);
			name = snd;
			sourceTree = "<group>";
		};
		E1F993B5141800A700149C20 /* soap_requests */ = {
			isa = PBXGroup;
			children = (
				E19879C0141B664B004B4889 /* GetListItems.txt */,
				E19879AD141B60E8004B4889 /* GetListAndView.txt */,
				E1987968141B5712004B4889 /* GetList.txt */,
				E1F993B3141800A200149C20 /* GetListCollection.txt */,
				E18F484F148B713F00AEB04F /* UploadImage.txt */,
			);
			name = soap_requests;
			sourceTree = "<group>";
		};
/* End PBXGroup section */

/* Begin PBXNativeTarget section */
		1D6058900D05DD3D006BFB54 /* rhead_sharepoint_ip */ = {
			isa = PBXNativeTarget;
			buildConfigurationList = 1D6058960D05DD3E006BFB54 /* Build configuration list for PBXNativeTarget "rhead_sharepoint_ip" */;
			buildPhases = (
				1D60588D0D05DD3D006BFB54 /* Resources */,
				1D60588E0D05DD3D006BFB54 /* Sources */,
				1D60588F0D05DD3D006BFB54 /* Frameworks */,
			);
			buildRules = (
			);
			dependencies = (
			);
			name = rhead_sharepoint_ip;
			productName = rhead_sharepoint_ip;
			productReference = 1D6058910D05DD3D006BFB54 /* rhead_sharepoint_ip.app */;
			productType = "com.apple.product-type.application";
		};
/* End PBXNativeTarget section */

/* Begin PBXProject section */
		29B97313FDCFA39411CA2CEA /* Project object */ = {
			isa = PBXProject;
			attributes = {
				LastUpgradeCheck = 0420;
			};
			buildConfigurationList = C01FCF4E08A954540054247B /* Build configuration list for PBXProject "rhead_sharepoint_ip" */;
			compatibilityVersion = "Xcode 3.2";
			developmentRegion = English;
			hasScannedForEncodings = 1;
			knownRegions = (
				English,
				Japanese,
				French,
				German,
				en,
				pl,
			);
			mainGroup = 29B97314FDCFA39411CA2CEA /* CustomTemplate */;
			projectDirPath = "";
			projectRoot = "";
			targets = (
				1D6058900D05DD3D006BFB54 /* rhead_sharepoint_ip */,
			);
		};
/* End PBXProject section */

/* Begin PBXResourcesBuildPhase section */
		1D60588D0D05DD3D006BFB54 /* Resources */ = {
			isa = PBXResourcesBuildPhase;
			buildActionMask = 2147483647;
			files = (
				28AD733F0D9D9553002E5188 /* MainWindow.xib in Resources */,
				E184AD51140D46B6004EBF5A /* plak.wav in Resources */,
				E184AD56140D4717004EBF5A /* SplashVC.xib in Resources */,
				E184AD5C140D47AB004EBF5A /* MainMenuVC.xib in Resources */,
				E184ADA1140D4949004EBF5A /* splash2.png in Resources */,
				E1F9935F1417F54B00149C20 /* main_menu.png in Resources */,
				E1F993781417F81D00149C20 /* LoginVC.xib in Resources */,
				E1F9937B1417F86200149C20 /* login_screen.png in Resources */,
				E1F993B4141800A200149C20 /* GetListCollection.txt in Resources */,
				E1904B1A141AA3D700E48312 /* SharepointListsVC.xib in Resources */,
				E1904B3A141AA9A000E48312 /* botton_bar.png in Resources */,
				E1987969141B5712004B4889 /* GetList.txt in Resources */,
				E19879AE141B60E8004B4889 /* GetListAndView.txt in Resources */,
				E19879C1141B664B004B4889 /* GetListItems.txt in Resources */,
				E19879EF141B7E7C004B4889 /* WebViewVC.xib in Resources */,
				E1987A16141B878B004B4889 /* SharepointListVC.xib in Resources */,
				E1909C80143A0B86000BB5BF /* icon.png in Resources */,
				E1909CA4143A0CB1000BB5BF /* back_btn.png in Resources */,
				E17C83C9144C81F5008CE451 /* main_items_menu.png in Resources */,
				E18F3CA4145461CB00DC83D7 /* AccountsVC.xib in Resources */,
				E18F3D2C14547C8600DC83D7 /* account_item_back.png in Resources */,
				E14C5873145D48D900DE2B09 /* item_cell_back.png in Resources */,
				E14C5874145D48D900DE2B09 /* title_image.png in Resources */,
				E14C58BB145D4C9300DE2B09 /* AccountTVC.xib in Resources */,
				E14C59B9145D612F00DE2B09 /* SharepointListCell.xib in Resources */,
				E14C5A47145D6A6900DE2B09 /* sort_bar.png in Resources */,
				E1A1912F145F0191006D6DA1 /* excelicon.png in Resources */,
				E1A19130145F0191006D6DA1 /* pdficon.png in Resources */,
				E1A19131145F0191006D6DA1 /* photoicon.png in Resources */,
				E1A19132145F0191006D6DA1 /* ppticon.png in Resources */,
				E1A19133145F0191006D6DA1 /* wordicon.png in Resources */,
				E1A1918D145F0BED006D6DA1 /* ServicesVC.xib in Resources */,
				E1A19197145F0DD9006D6DA1 /* about_screen.png in Resources */,
				E1A19198145F0DD9006D6DA1 /* contact_screen.png in Resources */,
				E1A19199145F0DD9006D6DA1 /* services_screen.png in Resources */,
				E1A1919F145F0F1D006D6DA1 /* foldericon.png in Resources */,
				E1A191B3145F1067006D6DA1 /* ContactVC.xib in Resources */,
				E1A191CB145F1259006D6DA1 /* AppInfoVC.xib in Resources */,
				E1811752145FF0DA005ADAD5 /* contact.html in Resources */,
				E18EB17B1469ACA0004C979C /* blank_bar.png in Resources */,
				E18AD8D9146ADD7F000ACB4F /* iphone4-add-account.png in Resources */,
				E18AD8DA146ADD7F000ACB4F /* iphone4-viewaccount.png in Resources */,
				E18AD8DC146AE8E6000ACB4F /* AccountTVCLand.xib in Resources */,
				E18AD8DE146AEB26000ACB4F /* account_item_back_land.png in Resources */,
				C067B472146BF75F00465E66 /* add-account.png in Resources */,
				C067B473146BF75F00465E66 /* view-projects.png in Resources */,
				C04B15A2146C294200BAB279 /* addaccount.png in Resources */,
				C04B15A3146C294200BAB279 /* viewprojects.png in Resources */,
				C04B15A7146C2C9600BAB279 /* appicon.png in Resources */,
				C04B15A9146C2D6400BAB279 /* apphr.png in Resources */,
				E18F4850148B713F00AEB04F /* UploadImage.txt in Resources */,
				E17E37B2148BD42800C9F0B5 /* appinfo_tab.png in Resources */,
				E17E37B3148BD42800C9F0B5 /* contact_tab.png in Resources */,
				E17E37B4148BD42800C9F0B5 /* main_tab.png in Resources */,
				E17E37B5148BD42800C9F0B5 /* services_tab.png in Resources */,
				E17F077014926DD600B9638D /* news_tab.png in Resources */,
				E1845EE81493EA3B0081B47B /* SharepointListCellLand.xib in Resources */,
				E17BB169149553E1002C6759 /* item_cell_back_land.png in Resources */,
				E1806F53149A4DB10096531A /* background.png in Resources */,
				E1806F55149A56E40096531A /* add_project_button.png in Resources */,
				E1806F57149A5B060096531A /* delete_project_button.png in Resources */,
				E1724899149A6E0A004478E6 /* photo.png in Resources */,
				E172489A149A6E0A004478E6 /* presentations.png in Resources */,
				E172489B149A6E0A004478E6 /* project-documents.png in Resources */,
				E172489C149A6E0A004478E6 /* Project-reports.png in Resources */,
				E172489E149A6EF5004478E6 /* upload-images.png in Resources */,
				E17248A0149A852D004478E6 /* upload_photo_buton.png in Resources */,
				E1856055149E38E1004AE040 /* logo.png in Resources */,
			);
			runOnlyForDeploymentPostprocessing = 0;
		};
/* End PBXResourcesBuildPhase section */

/* Begin PBXSourcesBuildPhase section */
		1D60588E0D05DD3D006BFB54 /* Sources */ = {
			isa = PBXSourcesBuildPhase;
			buildActionMask = 2147483647;
			files = (
				1D60589B0D05DD56006BFB54 /* main.m in Sources */,
				1D3623260D0F684500981E51 /* rhead_sharepoint_ipAppDelegate.m in Sources */,
				E184AD0A140D3FB7004EBF5A /* ASIAuthenticationDialog.m in Sources */,
				E184AD0B140D3FB7004EBF5A /* ASIDataCompressor.m in Sources */,
				E184AD0C140D3FB7004EBF5A /* ASIDataDecompressor.m in Sources */,
				E184AD0D140D3FB7004EBF5A /* ASIDownloadCache.m in Sources */,
				E184AD0E140D3FB7004EBF5A /* ASIFormDataRequest.m in Sources */,
				E184AD0F140D3FB7004EBF5A /* ASIHTTPRequest.m in Sources */,
				E184AD10140D3FB7004EBF5A /* ASIInputStream.m in Sources */,
				E184AD11140D3FB7004EBF5A /* ASINetworkQueue.m in Sources */,
				E184AD12140D3FB7004EBF5A /* Reachability.m in Sources */,
				E184AD20140D3FCA004EBF5A /* CXMLDocument_PrivateExtensions.m in Sources */,
				E184AD21140D3FCA004EBF5A /* CXMLDocument.m in Sources */,
				E184AD22140D3FCA004EBF5A /* CXMLElement.m in Sources */,
				E184AD23140D3FCA004EBF5A /* CXMLNode_PrivateExtensions.m in Sources */,
				E184AD24140D3FCA004EBF5A /* CXMLNode_XPathExtensions.m in Sources */,
				E184AD25140D3FCA004EBF5A /* CXMLNode.m in Sources */,
				E184AD33140D401B004EBF5A /* SoapRequest.m in Sources */,
				E184AD4E140D466B004EBF5A /* VCBase.m in Sources */,
				E184AD55140D4717004EBF5A /* SplashVC.m in Sources */,
				E184AD5B140D47AB004EBF5A /* MainMenuVC.m in Sources */,
				E1F993771417F81D00149C20 /* LoginVC.m in Sources */,
				E1904B19141AA3D700E48312 /* SharepointListsVC.m in Sources */,
				E1904B45141AAABA00E48312 /* SharepointListsTVC.m in Sources */,
				E19879EE141B7E7C004B4889 /* WebViewVC.m in Sources */,
				E1987A15141B878B004B4889 /* SharepointListVC.m in Sources */,
				E1987A1F141B8804004B4889 /* SharepointListTVC.m in Sources */,
				E18F3CA3145461CB00DC83D7 /* AccountsVC.m in Sources */,
				E18F3CC914546A8500DC83D7 /* iToast.m in Sources */,
				E1A1918C145F0BED006D6DA1 /* ServicesVC.m in Sources */,
				E1A191B2145F1067006D6DA1 /* ContactVC.m in Sources */,
				E1A191CA145F1259006D6DA1 /* AppInfoVC.m in Sources */,
				E18F4853148B755D00AEB04F /* Base64.m in Sources */,
			);
			runOnlyForDeploymentPostprocessing = 0;
		};
/* End PBXSourcesBuildPhase section */

/* Begin XCBuildConfiguration section */
		1D6058940D05DD3E006BFB54 /* Debug */ = {
			isa = XCBuildConfiguration;
			buildSettings = {
				ALWAYS_SEARCH_USER_PATHS = NO;
				CODE_SIGN_IDENTITY = "iPhone Developer";
				COPY_PHASE_STRIP = NO;
				GCC_DYNAMIC_NO_PIC = NO;
				GCC_OPTIMIZATION_LEVEL = 0;
				GCC_PRECOMPILE_PREFIX_HEADER = YES;
				GCC_PREFIX_HEADER = rhead_sharepoint_ip_Prefix.pch;
				INFOPLIST_FILE = "rhead_sharepoint_ip-Info.plist";
				IPHONEOS_DEPLOYMENT_TARGET = 4.3;
				New_Setting = "";
				PRODUCT_NAME = rhead_sharepoint_ip;
				PROVISIONING_PROFILE = "";
				SKIP_INSTALL = NO;
				TARGETED_DEVICE_FAMILY = 1;
			};
			name = Debug;
		};
		1D6058950D05DD3E006BFB54 /* Release */ = {
			isa = XCBuildConfiguration;
			buildSettings = {
				ALWAYS_SEARCH_USER_PATHS = NO;
				CODE_SIGN_IDENTITY = "iPhone Developer";
				COPY_PHASE_STRIP = YES;
				GCC_PRECOMPILE_PREFIX_HEADER = YES;
				GCC_PREFIX_HEADER = rhead_sharepoint_ip_Prefix.pch;
				INFOPLIST_FILE = "rhead_sharepoint_ip-Info.plist";
				IPHONEOS_DEPLOYMENT_TARGET = 4.3;
				New_Setting = "";
				PRODUCT_NAME = rhead_sharepoint_ip;
				PROVISIONING_PROFILE = "";
				SKIP_INSTALL = YES;
				TARGETED_DEVICE_FAMILY = 1;
				VALIDATE_PRODUCT = YES;
			};
			name = Release;
		};
		C01FCF4F08A954540054247B /* Debug */ = {
			isa = XCBuildConfiguration;
			buildSettings = {
				ARCHS = "$(ARCHS_STANDARD_32_BIT)";
				CODE_SIGN_IDENTITY = "iPhone Developer";
				GCC_C_LANGUAGE_STANDARD = c99;
				GCC_WARN_ABOUT_RETURN_TYPE = YES;
				GCC_WARN_UNUSED_VARIABLE = YES;
				HEADER_SEARCH_PATHS = "\"${SDK_DIR}\"/usr/include/libxml2/**";
				IPHONEOS_DEPLOYMENT_TARGET = 4.3;
				OTHER_LDFLAGS = "-lxml2";
				PROVISIONING_PROFILE = "";
				SDKROOT = iphoneos;
			};
			name = Debug;
		};
		C01FCF5008A954540054247B /* Release */ = {
			isa = XCBuildConfiguration;
			buildSettings = {
				ARCHS = "$(ARCHS_STANDARD_32_BIT)";
				CODE_SIGN_IDENTITY = "iPhone Developer";
				GCC_C_LANGUAGE_STANDARD = c99;
				GCC_WARN_ABOUT_RETURN_TYPE = YES;
				GCC_WARN_UNUSED_VARIABLE = YES;
				HEADER_SEARCH_PATHS = "\"${SDK_DIR}\"/usr/include/libxml2/**";
				IPHONEOS_DEPLOYMENT_TARGET = 4.3;
				OTHER_CFLAGS = "-DNS_BLOCK_ASSERTIONS=1";
				PROVISIONING_PROFILE = "";
				SDKROOT = iphoneos;
			};
			name = Release;
		};
/* End XCBuildConfiguration section */

/* Begin XCConfigurationList section */
		1D6058960D05DD3E006BFB54 /* Build configuration list for PBXNativeTarget "rhead_sharepoint_ip" */ = {
			isa = XCConfigurationList;
			buildConfigurations = (
				1D6058940D05DD3E006BFB54 /* Debug */,
				1D6058950D05DD3E006BFB54 /* Release */,
			);
			defaultConfigurationIsVisible = 0;
			defaultConfigurationName = Release;
		};
		C01FCF4E08A954540054247B /* Build configuration list for PBXProject "rhead_sharepoint_ip" */ = {
			isa = XCConfigurationList;
			buildConfigurations = (
				C01FCF4F08A954540054247B /* Debug */,
				C01FCF5008A954540054247B /* Release */,
			);
			defaultConfigurationIsVisible = 0;
			defaultConfigurationName = Release;
		};
/* End XCConfigurationList section */
	};
	rootObject = 29B97313FDCFA39411CA2CEA /* Project object */;
}
