// !$*UTF8*$!
{
	archiveVersion = 1;
	classes = {
	};
	objectVersion = 45;
	objects = {

/* Begin PBXBuildFile section */
		1D3623260D0F684500981E51 /* smart_gp_ipAppDelegate.m in Sources */ = {isa = PBXBuildFile; fileRef = 1D3623250D0F684500981E51 /* smart_gp_ipAppDelegate.m */; };
		1D60589B0D05DD56006BFB54 /* main.m in Sources */ = {isa = PBXBuildFile; fileRef = 29B97316FDCFA39411CA2CEA /* main.m */; };
		1D60589F0D05DD5A006BFB54 /* Foundation.framework in Frameworks */ = {isa = PBXBuildFile; fileRef = 1D30AB110D05D00D00671497 /* Foundation.framework */; };
		1DF5F4E00D08C38300B7A737 /* UIKit.framework in Frameworks */ = {isa = PBXBuildFile; fileRef = 1DF5F4DF0D08C38300B7A737 /* UIKit.framework */; };
		288765FD0DF74451002DB57D /* CoreGraphics.framework in Frameworks */ = {isa = PBXBuildFile; fileRef = 288765FC0DF74451002DB57D /* CoreGraphics.framework */; };
		28AD733F0D9D9553002E5188 /* MainWindow.xib in Resources */ = {isa = PBXBuildFile; fileRef = 28AD733E0D9D9553002E5188 /* MainWindow.xib */; };
		CE184E0E13B8E36C00871AF6 /* DoneDown.png in Resources */ = {isa = PBXBuildFile; fileRef = CE184E0C13B8E36C00871AF6 /* DoneDown.png */; };
		CE184E0F13B8E36C00871AF6 /* DoneUp.png in Resources */ = {isa = PBXBuildFile; fileRef = CE184E0D13B8E36C00871AF6 /* DoneUp.png */; };
		CE6580F3138ECB2A00DE1F01 /* LogScreenViewController.m in Sources */ = {isa = PBXBuildFile; fileRef = CE6580F1138ECB2A00DE1F01 /* LogScreenViewController.m */; };
		CE6580F4138ECB2A00DE1F01 /* LogScreenViewController.xib in Resources */ = {isa = PBXBuildFile; fileRef = CE6580F2138ECB2A00DE1F01 /* LogScreenViewController.xib */; };
		CE6580F6138ECB8900DE1F01 /* log_screen.png in Resources */ = {isa = PBXBuildFile; fileRef = CE6580F5138ECB8900DE1F01 /* log_screen.png */; };
		CE65B575138EF3AB00702EC5 /* MessageUI.framework in Frameworks */ = {isa = PBXBuildFile; fileRef = CE65B574138EF3AB00702EC5 /* MessageUI.framework */; };
		CE660CDE139D2A07007BC01A /* cell_back_violet.png in Resources */ = {isa = PBXBuildFile; fileRef = CE660CDA139D2A07007BC01A /* cell_back_violet.png */; };
		CE660CDF139D2A07007BC01A /* contact_page.png in Resources */ = {isa = PBXBuildFile; fileRef = CE660CDB139D2A07007BC01A /* contact_page.png */; };
		CE660CE0139D2A07007BC01A /* del_btn.png in Resources */ = {isa = PBXBuildFile; fileRef = CE660CDC139D2A07007BC01A /* del_btn.png */; };
		CE660CE1139D2A07007BC01A /* edit_btn.png in Resources */ = {isa = PBXBuildFile; fileRef = CE660CDD139D2A07007BC01A /* edit_btn.png */; };
		CE660CE7139D2C44007BC01A /* cell_back_brown.png in Resources */ = {isa = PBXBuildFile; fileRef = CE660CE6139D2C44007BC01A /* cell_back_brown.png */; };
		CE660CEC139D2E97007BC01A /* EGOTextFieldAlertView.m in Sources */ = {isa = PBXBuildFile; fileRef = CE660CEB139D2E97007BC01A /* EGOTextFieldAlertView.m */; };
		CE6708D1139C0F0B00BEECB0 /* RemindersListViewController.m in Sources */ = {isa = PBXBuildFile; fileRef = CE6708D0139C0F0B00BEECB0 /* RemindersListViewController.m */; };
		CE6730FD13B4B76A009C0BD2 /* phone_btn.png in Resources */ = {isa = PBXBuildFile; fileRef = CE6730FB13B4B76A009C0BD2 /* phone_btn.png */; };
		CE6730FE13B4B76A009C0BD2 /* website_btn.png in Resources */ = {isa = PBXBuildFile; fileRef = CE6730FC13B4B76A009C0BD2 /* website_btn.png */; };
		CE67601713924C9E00944CD4 /* RemindersMainMenuViewController.m in Sources */ = {isa = PBXBuildFile; fileRef = CE67601513924C9E00944CD4 /* RemindersMainMenuViewController.m */; };
		CE67601813924C9E00944CD4 /* RemindersMainMenuViewController.xib in Resources */ = {isa = PBXBuildFile; fileRef = CE67601613924C9E00944CD4 /* RemindersMainMenuViewController.xib */; };
		CE67601A13924CF000944CD4 /* remind_main_menu.png in Resources */ = {isa = PBXBuildFile; fileRef = CE67601913924CF000944CD4 /* remind_main_menu.png */; };
		CE6760281392508200944CD4 /* SetReminderViewController.m in Sources */ = {isa = PBXBuildFile; fileRef = CE6760261392508200944CD4 /* SetReminderViewController.m */; };
		CE6760291392508200944CD4 /* SetReminderViewController.xib in Resources */ = {isa = PBXBuildFile; fileRef = CE6760271392508200944CD4 /* SetReminderViewController.xib */; };
		CE67602B1392543400944CD4 /* set_reminder_screen.png in Resources */ = {isa = PBXBuildFile; fileRef = CE67602A1392543400944CD4 /* set_reminder_screen.png */; };
		CE67E170139E761100EB3D6A /* UIUnderlinedButton.m in Sources */ = {isa = PBXBuildFile; fileRef = CE67E16F139E761100EB3D6A /* UIUnderlinedButton.m */; };
		CE68D772139414A6005CC7F7 /* WebViewController.m in Sources */ = {isa = PBXBuildFile; fileRef = CE68D770139414A6005CC7F7 /* WebViewController.m */; };
		CE68D773139414A6005CC7F7 /* WebViewController.xib in Resources */ = {isa = PBXBuildFile; fileRef = CE68D771139414A6005CC7F7 /* WebViewController.xib */; };
		CE69282B13B4AF3D005D1AF6 /* ItemDetailsViewController.m in Sources */ = {isa = PBXBuildFile; fileRef = CE69282913B4AF3D005D1AF6 /* ItemDetailsViewController.m */; };
		CE69282C13B4AF3D005D1AF6 /* ItemDetailsViewController.xib in Resources */ = {isa = PBXBuildFile; fileRef = CE69282A13B4AF3D005D1AF6 /* ItemDetailsViewController.xib */; };
		CE69A694139D438100946DAB /* TextInputViewController.m in Sources */ = {isa = PBXBuildFile; fileRef = CE69A692139D438100946DAB /* TextInputViewController.m */; };
		CE69A695139D438100946DAB /* TextInputViewController.xib in Resources */ = {isa = PBXBuildFile; fileRef = CE69A693139D438100946DAB /* TextInputViewController.xib */; };
		CE69A72B139D4FEC00946DAB /* DisclaimerPageViewController.m in Sources */ = {isa = PBXBuildFile; fileRef = CE69A729139D4FEC00946DAB /* DisclaimerPageViewController.m */; };
		CE69A72C139D4FEC00946DAB /* DisclaimerPageViewController.xib in Resources */ = {isa = PBXBuildFile; fileRef = CE69A72A139D4FEC00946DAB /* DisclaimerPageViewController.xib */; };
		CE6C5052138D83C50084AB8D /* SplashScreenViewController.m in Sources */ = {isa = PBXBuildFile; fileRef = CE6C5050138D83C50084AB8D /* SplashScreenViewController.m */; };
		CE6C5053138D83C50084AB8D /* SplashScreenViewController.xib in Resources */ = {isa = PBXBuildFile; fileRef = CE6C5051138D83C50084AB8D /* SplashScreenViewController.xib */; };
		CE6C5059138D87D40084AB8D /* MainMenuViewController.m in Sources */ = {isa = PBXBuildFile; fileRef = CE6C5057138D87D40084AB8D /* MainMenuViewController.m */; };
		CE6C505A138D87D40084AB8D /* MainMenuViewController.xib in Resources */ = {isa = PBXBuildFile; fileRef = CE6C5058138D87D40084AB8D /* MainMenuViewController.xib */; };
		CE6CF694137E83D800BB69CB /* PathwayCell.m in Sources */ = {isa = PBXBuildFile; fileRef = CE6CF693137E83D800BB69CB /* PathwayCell.m */; };
		CE6CF696137E83F000BB69CB /* PathwayCell.xib in Resources */ = {isa = PBXBuildFile; fileRef = CE6CF695137E83F000BB69CB /* PathwayCell.xib */; };
		CE6CF69C137E858200BB69CB /* cell_back.png in Resources */ = {isa = PBXBuildFile; fileRef = CE6CF69B137E858200BB69CB /* cell_back.png */; };
		CE6D1D3013AFB91900EBF7C7 /* term1anim.png in Resources */ = {isa = PBXBuildFile; fileRef = CE6D1D2A13AFB91900EBF7C7 /* term1anim.png */; };
		CE6D1D3113AFB91900EBF7C7 /* term2anim.png in Resources */ = {isa = PBXBuildFile; fileRef = CE6D1D2B13AFB91900EBF7C7 /* term2anim.png */; };
		CE6D1D3213AFB91900EBF7C7 /* term3anim.png in Resources */ = {isa = PBXBuildFile; fileRef = CE6D1D2C13AFB91900EBF7C7 /* term3anim.png */; };
		CE6D1D3313AFB91900EBF7C7 /* term4anim.png in Resources */ = {isa = PBXBuildFile; fileRef = CE6D1D2D13AFB91900EBF7C7 /* term4anim.png */; };
		CE6D1D3413AFB91900EBF7C7 /* term5anim.png in Resources */ = {isa = PBXBuildFile; fileRef = CE6D1D2E13AFB91900EBF7C7 /* term5anim.png */; };
		CE6D1D3513AFB91900EBF7C7 /* term6anim.png in Resources */ = {isa = PBXBuildFile; fileRef = CE6D1D2F13AFB91900EBF7C7 /* term6anim.png */; };
		CE6D1D4313AFBC9700EBF7C7 /* CommonViewControllerBase.m in Sources */ = {isa = PBXBuildFile; fileRef = CE6D1D4213AFBC9700EBF7C7 /* CommonViewControllerBase.m */; };
		CE6E708813893282005B9C8B /* app_icon.png in Resources */ = {isa = PBXBuildFile; fileRef = CE6E708113893282005B9C8B /* app_icon.png */; };
		CE6E708913893282005B9C8B /* dyspepsia_path.png in Resources */ = {isa = PBXBuildFile; fileRef = CE6E708213893282005B9C8B /* dyspepsia_path.png */; };
		CE6E708A13893282005B9C8B /* gastroenterology_path.png in Resources */ = {isa = PBXBuildFile; fileRef = CE6E708313893282005B9C8B /* gastroenterology_path.png */; };
		CE6E708B13893282005B9C8B /* local_health_serv_path.png in Resources */ = {isa = PBXBuildFile; fileRef = CE6E708413893282005B9C8B /* local_health_serv_path.png */; };
		CE6E708C13893282005B9C8B /* remind_me_path.png in Resources */ = {isa = PBXBuildFile; fileRef = CE6E708513893282005B9C8B /* remind_me_path.png */; };
		CE6E708D13893282005B9C8B /* splash_screen.png in Resources */ = {isa = PBXBuildFile; fileRef = CE6E708613893282005B9C8B /* splash_screen.png */; };
		CE6E708E13893282005B9C8B /* training_log_path.png in Resources */ = {isa = PBXBuildFile; fileRef = CE6E708713893282005B9C8B /* training_log_path.png */; };
		CE6EB467139E9B5600F83B87 /* ContactViewController.m in Sources */ = {isa = PBXBuildFile; fileRef = CE6EB465139E9B5600F83B87 /* ContactViewController.m */; };
		CE6EB468139E9B5600F83B87 /* ContactViewController.xib in Resources */ = {isa = PBXBuildFile; fileRef = CE6EB466139E9B5600F83B87 /* ContactViewController.xib */; };
		CE6EB4A6139EA85600F83B87 /* sheet_template.xml in Resources */ = {isa = PBXBuildFile; fileRef = CE6EB4A5139EA85600F83B87 /* sheet_template.xml */; };
		CE6EB4AA139EA88B00F83B87 /* ExcelSheetGenerator.m in Sources */ = {isa = PBXBuildFile; fileRef = CE6EB4A9139EA88B00F83B87 /* ExcelSheetGenerator.m */; };
		CE6FA17D13AFCA0B005E8DFF /* home_btn.png in Resources */ = {isa = PBXBuildFile; fileRef = CE6FA17C13AFCA0B005E8DFF /* home_btn.png */; };
		CE701797139BCC3700A7710E /* LogsListViewController.m in Sources */ = {isa = PBXBuildFile; fileRef = CE701796139BCC3700A7710E /* LogsListViewController.m */; };
		CE70179B139BCCFD00A7710E /* LogListCell.m in Sources */ = {isa = PBXBuildFile; fileRef = CE701799139BCCFD00A7710E /* LogListCell.m */; };
		CE70179C139BCCFD00A7710E /* LogListCell.xib in Resources */ = {isa = PBXBuildFile; fileRef = CE70179A139BCCFD00A7710E /* LogListCell.xib */; };
		CE7017A1139BCF8B00A7710E /* dotted_line.png in Resources */ = {isa = PBXBuildFile; fileRef = CE7017A0139BCF8B00A7710E /* dotted_line.png */; };
		CE71309A13784DDF00B95FA0 /* smart_gp_data.plist in Resources */ = {isa = PBXBuildFile; fileRef = CE71309913784DDF00B95FA0 /* smart_gp_data.plist */; };
		CE7130A113784FBE00B95FA0 /* TableViewController.m in Sources */ = {isa = PBXBuildFile; fileRef = CE7130A013784FBE00B95FA0 /* TableViewController.m */; };
		CE7130A51378504C00B95FA0 /* TableViewControllerWrapper.m in Sources */ = {isa = PBXBuildFile; fileRef = CE7130A31378504C00B95FA0 /* TableViewControllerWrapper.m */; };
		CE7130A61378504C00B95FA0 /* TableViewControllerWrapper.xib in Resources */ = {isa = PBXBuildFile; fileRef = CE7130A41378504C00B95FA0 /* TableViewControllerWrapper.xib */; };
		CEBAF98C13B1CBDE005B5A77 /* DetailTableViewController.m in Sources */ = {isa = PBXBuildFile; fileRef = CEBAF97713B1CBDE005B5A77 /* DetailTableViewController.m */; };
		CEBAF98D13B1CBDE005B5A77 /* GTMNSString+HTML.m in Sources */ = {isa = PBXBuildFile; fileRef = CEBAF97A13B1CBDE005B5A77 /* GTMNSString+HTML.m */; };
		CEBAF98E13B1CBDE005B5A77 /* MWFeedInfo.m in Sources */ = {isa = PBXBuildFile; fileRef = CEBAF97C13B1CBDE005B5A77 /* MWFeedInfo.m */; };
		CEBAF98F13B1CBDE005B5A77 /* MWFeedItem.m in Sources */ = {isa = PBXBuildFile; fileRef = CEBAF97E13B1CBDE005B5A77 /* MWFeedItem.m */; };
		CEBAF99013B1CBDE005B5A77 /* MWFeedParser.m in Sources */ = {isa = PBXBuildFile; fileRef = CEBAF98113B1CBDE005B5A77 /* MWFeedParser.m */; };
		CEBAF99213B1CBDE005B5A77 /* NSDate+InternetDateTime.m in Sources */ = {isa = PBXBuildFile; fileRef = CEBAF98513B1CBDE005B5A77 /* NSDate+InternetDateTime.m */; };
		CEBAF99313B1CBDE005B5A77 /* NSString+HTML.m in Sources */ = {isa = PBXBuildFile; fileRef = CEBAF98713B1CBDE005B5A77 /* NSString+HTML.m */; };
		CEBAF99413B1CBDE005B5A77 /* NSString+XMLEntities.m in Sources */ = {isa = PBXBuildFile; fileRef = CEBAF98913B1CBDE005B5A77 /* NSString+XMLEntities.m */; };
		CEBAF99513B1CBDE005B5A77 /* RSSViewController.m in Sources */ = {isa = PBXBuildFile; fileRef = CEBAF98B13B1CBDE005B5A77 /* RSSViewController.m */; };
/* End PBXBuildFile section */

/* Begin PBXFileReference section */
		1D30AB110D05D00D00671497 /* Foundation.framework */ = {isa = PBXFileReference; lastKnownFileType = wrapper.framework; name = Foundation.framework; path = System/Library/Frameworks/Foundation.framework; sourceTree = SDKROOT; };
		1D3623240D0F684500981E51 /* smart_gp_ipAppDelegate.h */ = {isa = PBXFileReference; fileEncoding = 4; lastKnownFileType = sourcecode.c.h; path = smart_gp_ipAppDelegate.h; sourceTree = "<group>"; };
		1D3623250D0F684500981E51 /* smart_gp_ipAppDelegate.m */ = {isa = PBXFileReference; fileEncoding = 4; lastKnownFileType = sourcecode.c.objc; path = smart_gp_ipAppDelegate.m; sourceTree = "<group>"; };
		1D6058910D05DD3D006BFB54 /* smart_gp_ip.app */ = {isa = PBXFileReference; explicitFileType = wrapper.application; includeInIndex = 0; path = smart_gp_ip.app; sourceTree = BUILT_PRODUCTS_DIR; };
		1DF5F4DF0D08C38300B7A737 /* UIKit.framework */ = {isa = PBXFileReference; lastKnownFileType = wrapper.framework; name = UIKit.framework; path = System/Library/Frameworks/UIKit.framework; sourceTree = SDKROOT; };
		288765FC0DF74451002DB57D /* CoreGraphics.framework */ = {isa = PBXFileReference; lastKnownFileType = wrapper.framework; name = CoreGraphics.framework; path = System/Library/Frameworks/CoreGraphics.framework; sourceTree = SDKROOT; };
		28AD733E0D9D9553002E5188 /* MainWindow.xib */ = {isa = PBXFileReference; lastKnownFileType = file.xib; path = MainWindow.xib; sourceTree = "<group>"; };
		29B97316FDCFA39411CA2CEA /* main.m */ = {isa = PBXFileReference; fileEncoding = 4; lastKnownFileType = sourcecode.c.objc; path = main.m; sourceTree = "<group>"; };
		32CA4F630368D1EE00C91783 /* smart_gp_ip_Prefix.pch */ = {isa = PBXFileReference; fileEncoding = 4; lastKnownFileType = sourcecode.c.h; path = smart_gp_ip_Prefix.pch; sourceTree = "<group>"; };
		8D1107310486CEB800E47090 /* smart_gp_ip-Info.plist */ = {isa = PBXFileReference; fileEncoding = 4; lastKnownFileType = text.plist.xml; path = "smart_gp_ip-Info.plist"; plistStructureDefinitionIdentifier = "com.apple.xcode.plist.structure-definition.iphone.info-plist"; sourceTree = "<group>"; };
		CE184E0C13B8E36C00871AF6 /* DoneDown.png */ = {isa = PBXFileReference; lastKnownFileType = image.png; name = DoneDown.png; path = images/DoneDown.png; sourceTree = "<group>"; };
		CE184E0D13B8E36C00871AF6 /* DoneUp.png */ = {isa = PBXFileReference; lastKnownFileType = image.png; name = DoneUp.png; path = images/DoneUp.png; sourceTree = "<group>"; };
		CE6580F0138ECB2A00DE1F01 /* LogScreenViewController.h */ = {isa = PBXFileReference; fileEncoding = 4; lastKnownFileType = sourcecode.c.h; path = LogScreenViewController.h; sourceTree = "<group>"; };
		CE6580F1138ECB2A00DE1F01 /* LogScreenViewController.m */ = {isa = PBXFileReference; fileEncoding = 4; lastKnownFileType = sourcecode.c.objc; path = LogScreenViewController.m; sourceTree = "<group>"; };
		CE6580F2138ECB2A00DE1F01 /* LogScreenViewController.xib */ = {isa = PBXFileReference; lastKnownFileType = file.xib; path = LogScreenViewController.xib; sourceTree = "<group>"; };
		CE6580F5138ECB8900DE1F01 /* log_screen.png */ = {isa = PBXFileReference; lastKnownFileType = image.png; name = log_screen.png; path = images/log_screen.png; sourceTree = "<group>"; };
		CE65B574138EF3AB00702EC5 /* MessageUI.framework */ = {isa = PBXFileReference; lastKnownFileType = wrapper.framework; name = MessageUI.framework; path = System/Library/Frameworks/MessageUI.framework; sourceTree = SDKROOT; };
		CE660CDA139D2A07007BC01A /* cell_back_violet.png */ = {isa = PBXFileReference; lastKnownFileType = image.png; name = cell_back_violet.png; path = images/cell_back_violet.png; sourceTree = "<group>"; };
		CE660CDB139D2A07007BC01A /* contact_page.png */ = {isa = PBXFileReference; lastKnownFileType = image.png; name = contact_page.png; path = images/contact_page.png; sourceTree = "<group>"; };
		CE660CDC139D2A07007BC01A /* del_btn.png */ = {isa = PBXFileReference; lastKnownFileType = image.png; name = del_btn.png; path = images/del_btn.png; sourceTree = "<group>"; };
		CE660CDD139D2A07007BC01A /* edit_btn.png */ = {isa = PBXFileReference; lastKnownFileType = image.png; name = edit_btn.png; path = images/edit_btn.png; sourceTree = "<group>"; };
		CE660CE6139D2C44007BC01A /* cell_back_brown.png */ = {isa = PBXFileReference; lastKnownFileType = image.png; name = cell_back_brown.png; path = images/cell_back_brown.png; sourceTree = "<group>"; };
		CE660CEA139D2E97007BC01A /* EGOTextFieldAlertView.h */ = {isa = PBXFileReference; fileEncoding = 4; lastKnownFileType = sourcecode.c.h; path = EGOTextFieldAlertView.h; sourceTree = "<group>"; };
		CE660CEB139D2E97007BC01A /* EGOTextFieldAlertView.m */ = {isa = PBXFileReference; fileEncoding = 4; lastKnownFileType = sourcecode.c.objc; path = EGOTextFieldAlertView.m; sourceTree = "<group>"; };
		CE6708CF139C0F0B00BEECB0 /* RemindersListViewController.h */ = {isa = PBXFileReference; fileEncoding = 4; lastKnownFileType = sourcecode.c.h; path = RemindersListViewController.h; sourceTree = "<group>"; };
		CE6708D0139C0F0B00BEECB0 /* RemindersListViewController.m */ = {isa = PBXFileReference; fileEncoding = 4; lastKnownFileType = sourcecode.c.objc; path = RemindersListViewController.m; sourceTree = "<group>"; };
		CE6730FB13B4B76A009C0BD2 /* phone_btn.png */ = {isa = PBXFileReference; lastKnownFileType = image.png; name = phone_btn.png; path = images/phone_btn.png; sourceTree = "<group>"; };
		CE6730FC13B4B76A009C0BD2 /* website_btn.png */ = {isa = PBXFileReference; lastKnownFileType = image.png; name = website_btn.png; path = images/website_btn.png; sourceTree = "<group>"; };
		CE67601413924C9E00944CD4 /* RemindersMainMenuViewController.h */ = {isa = PBXFileReference; fileEncoding = 4; lastKnownFileType = sourcecode.c.h; path = RemindersMainMenuViewController.h; sourceTree = "<group>"; };
		CE67601513924C9E00944CD4 /* RemindersMainMenuViewController.m */ = {isa = PBXFileReference; fileEncoding = 4; lastKnownFileType = sourcecode.c.objc; path = RemindersMainMenuViewController.m; sourceTree = "<group>"; };
		CE67601613924C9E00944CD4 /* RemindersMainMenuViewController.xib */ = {isa = PBXFileReference; lastKnownFileType = file.xib; path = RemindersMainMenuViewController.xib; sourceTree = "<group>"; };
		CE67601913924CF000944CD4 /* remind_main_menu.png */ = {isa = PBXFileReference; lastKnownFileType = image.png; name = remind_main_menu.png; path = images/remind_main_menu.png; sourceTree = "<group>"; };
		CE6760251392508200944CD4 /* SetReminderViewController.h */ = {isa = PBXFileReference; fileEncoding = 4; lastKnownFileType = sourcecode.c.h; path = SetReminderViewController.h; sourceTree = "<group>"; };
		CE6760261392508200944CD4 /* SetReminderViewController.m */ = {isa = PBXFileReference; fileEncoding = 4; lastKnownFileType = sourcecode.c.objc; path = SetReminderViewController.m; sourceTree = "<group>"; };
		CE6760271392508200944CD4 /* SetReminderViewController.xib */ = {isa = PBXFileReference; lastKnownFileType = file.xib; path = SetReminderViewController.xib; sourceTree = "<group>"; };
		CE67602A1392543400944CD4 /* set_reminder_screen.png */ = {isa = PBXFileReference; lastKnownFileType = image.png; name = set_reminder_screen.png; path = images/set_reminder_screen.png; sourceTree = "<group>"; };
		CE67E16E139E761100EB3D6A /* UIUnderlinedButton.h */ = {isa = PBXFileReference; fileEncoding = 4; lastKnownFileType = sourcecode.c.h; path = UIUnderlinedButton.h; sourceTree = "<group>"; };
		CE67E16F139E761100EB3D6A /* UIUnderlinedButton.m */ = {isa = PBXFileReference; fileEncoding = 4; lastKnownFileType = sourcecode.c.objc; path = UIUnderlinedButton.m; sourceTree = "<group>"; };
		CE68D76F139414A6005CC7F7 /* WebViewController.h */ = {isa = PBXFileReference; fileEncoding = 4; lastKnownFileType = sourcecode.c.h; path = WebViewController.h; sourceTree = "<group>"; };
		CE68D770139414A6005CC7F7 /* WebViewController.m */ = {isa = PBXFileReference; fileEncoding = 4; lastKnownFileType = sourcecode.c.objc; path = WebViewController.m; sourceTree = "<group>"; };
		CE68D771139414A6005CC7F7 /* WebViewController.xib */ = {isa = PBXFileReference; lastKnownFileType = file.xib; path = WebViewController.xib; sourceTree = "<group>"; };
		CE69282813B4AF3D005D1AF6 /* ItemDetailsViewController.h */ = {isa = PBXFileReference; fileEncoding = 4; lastKnownFileType = sourcecode.c.h; path = ItemDetailsViewController.h; sourceTree = "<group>"; };
		CE69282913B4AF3D005D1AF6 /* ItemDetailsViewController.m */ = {isa = PBXFileReference; fileEncoding = 4; lastKnownFileType = sourcecode.c.objc; path = ItemDetailsViewController.m; sourceTree = "<group>"; };
		CE69282A13B4AF3D005D1AF6 /* ItemDetailsViewController.xib */ = {isa = PBXFileReference; lastKnownFileType = file.xib; path = ItemDetailsViewController.xib; sourceTree = "<group>"; };
		CE69A691139D438100946DAB /* TextInputViewController.h */ = {isa = PBXFileReference; fileEncoding = 4; lastKnownFileType = sourcecode.c.h; path = TextInputViewController.h; sourceTree = "<group>"; };
		CE69A692139D438100946DAB /* TextInputViewController.m */ = {isa = PBXFileReference; fileEncoding = 4; lastKnownFileType = sourcecode.c.objc; path = TextInputViewController.m; sourceTree = "<group>"; };
		CE69A693139D438100946DAB /* TextInputViewController.xib */ = {isa = PBXFileReference; lastKnownFileType = file.xib; path = TextInputViewController.xib; sourceTree = "<group>"; };
		CE69A728139D4FEC00946DAB /* DisclaimerPageViewController.h */ = {isa = PBXFileReference; fileEncoding = 4; lastKnownFileType = sourcecode.c.h; path = DisclaimerPageViewController.h; sourceTree = "<group>"; };
		CE69A729139D4FEC00946DAB /* DisclaimerPageViewController.m */ = {isa = PBXFileReference; fileEncoding = 4; lastKnownFileType = sourcecode.c.objc; path = DisclaimerPageViewController.m; sourceTree = "<group>"; };
		CE69A72A139D4FEC00946DAB /* DisclaimerPageViewController.xib */ = {isa = PBXFileReference; lastKnownFileType = file.xib; path = DisclaimerPageViewController.xib; sourceTree = "<group>"; };
		CE6C504F138D83C50084AB8D /* SplashScreenViewController.h */ = {isa = PBXFileReference; fileEncoding = 4; lastKnownFileType = sourcecode.c.h; path = SplashScreenViewController.h; sourceTree = "<group>"; };
		CE6C5050138D83C50084AB8D /* SplashScreenViewController.m */ = {isa = PBXFileReference; fileEncoding = 4; lastKnownFileType = sourcecode.c.objc; path = SplashScreenViewController.m; sourceTree = "<group>"; };
		CE6C5051138D83C50084AB8D /* SplashScreenViewController.xib */ = {isa = PBXFileReference; lastKnownFileType = file.xib; path = SplashScreenViewController.xib; sourceTree = "<group>"; };
		CE6C5056138D87D40084AB8D /* MainMenuViewController.h */ = {isa = PBXFileReference; fileEncoding = 4; lastKnownFileType = sourcecode.c.h; path = MainMenuViewController.h; sourceTree = "<group>"; };
		CE6C5057138D87D40084AB8D /* MainMenuViewController.m */ = {isa = PBXFileReference; fileEncoding = 4; lastKnownFileType = sourcecode.c.objc; path = MainMenuViewController.m; sourceTree = "<group>"; };
		CE6C5058138D87D40084AB8D /* MainMenuViewController.xib */ = {isa = PBXFileReference; lastKnownFileType = file.xib; path = MainMenuViewController.xib; sourceTree = "<group>"; };
		CE6CF692137E83D800BB69CB /* PathwayCell.h */ = {isa = PBXFileReference; fileEncoding = 4; lastKnownFileType = sourcecode.c.h; path = PathwayCell.h; sourceTree = "<group>"; };
		CE6CF693137E83D800BB69CB /* PathwayCell.m */ = {isa = PBXFileReference; fileEncoding = 4; lastKnownFileType = sourcecode.c.objc; path = PathwayCell.m; sourceTree = "<group>"; };
		CE6CF695137E83F000BB69CB /* PathwayCell.xib */ = {isa = PBXFileReference; lastKnownFileType = file.xib; path = PathwayCell.xib; sourceTree = "<group>"; };
		CE6CF69B137E858200BB69CB /* cell_back.png */ = {isa = PBXFileReference; lastKnownFileType = image.png; name = cell_back.png; path = images/cell_back.png; sourceTree = "<group>"; };
		CE6D1D2A13AFB91900EBF7C7 /* term1anim.png */ = {isa = PBXFileReference; lastKnownFileType = image.png; name = term1anim.png; path = images/term1anim.png; sourceTree = "<group>"; };
		CE6D1D2B13AFB91900EBF7C7 /* term2anim.png */ = {isa = PBXFileReference; lastKnownFileType = image.png; name = term2anim.png; path = images/term2anim.png; sourceTree = "<group>"; };
		CE6D1D2C13AFB91900EBF7C7 /* term3anim.png */ = {isa = PBXFileReference; lastKnownFileType = image.png; name = term3anim.png; path = images/term3anim.png; sourceTree = "<group>"; };
		CE6D1D2D13AFB91900EBF7C7 /* term4anim.png */ = {isa = PBXFileReference; lastKnownFileType = image.png; name = term4anim.png; path = images/term4anim.png; sourceTree = "<group>"; };
		CE6D1D2E13AFB91900EBF7C7 /* term5anim.png */ = {isa = PBXFileReference; lastKnownFileType = image.png; name = term5anim.png; path = images/term5anim.png; sourceTree = "<group>"; };
		CE6D1D2F13AFB91900EBF7C7 /* term6anim.png */ = {isa = PBXFileReference; lastKnownFileType = image.png; name = term6anim.png; path = images/term6anim.png; sourceTree = "<group>"; };
		CE6D1D4113AFBC9700EBF7C7 /* CommonViewControllerBase.h */ = {isa = PBXFileReference; fileEncoding = 4; lastKnownFileType = sourcecode.c.h; path = CommonViewControllerBase.h; sourceTree = "<group>"; };
		CE6D1D4213AFBC9700EBF7C7 /* CommonViewControllerBase.m */ = {isa = PBXFileReference; fileEncoding = 4; lastKnownFileType = sourcecode.c.objc; path = CommonViewControllerBase.m; sourceTree = "<group>"; };
		CE6E708113893282005B9C8B /* app_icon.png */ = {isa = PBXFileReference; lastKnownFileType = image.png; name = app_icon.png; path = images/app_icon.png; sourceTree = "<group>"; };
		CE6E708213893282005B9C8B /* dyspepsia_path.png */ = {isa = PBXFileReference; lastKnownFileType = image.png; name = dyspepsia_path.png; path = images/dyspepsia_path.png; sourceTree = "<group>"; };
		CE6E708313893282005B9C8B /* gastroenterology_path.png */ = {isa = PBXFileReference; lastKnownFileType = image.png; name = gastroenterology_path.png; path = images/gastroenterology_path.png; sourceTree = "<group>"; };
		CE6E708413893282005B9C8B /* local_health_serv_path.png */ = {isa = PBXFileReference; lastKnownFileType = image.png; name = local_health_serv_path.png; path = images/local_health_serv_path.png; sourceTree = "<group>"; };
		CE6E708513893282005B9C8B /* remind_me_path.png */ = {isa = PBXFileReference; lastKnownFileType = image.png; name = remind_me_path.png; path = images/remind_me_path.png; sourceTree = "<group>"; };
		CE6E708613893282005B9C8B /* splash_screen.png */ = {isa = PBXFileReference; lastKnownFileType = image.png; name = splash_screen.png; path = images/splash_screen.png; sourceTree = "<group>"; };
		CE6E708713893282005B9C8B /* training_log_path.png */ = {isa = PBXFileReference; lastKnownFileType = image.png; name = training_log_path.png; path = images/training_log_path.png; sourceTree = "<group>"; };
		CE6EB464139E9B5600F83B87 /* ContactViewController.h */ = {isa = PBXFileReference; fileEncoding = 4; lastKnownFileType = sourcecode.c.h; path = ContactViewController.h; sourceTree = "<group>"; };
		CE6EB465139E9B5600F83B87 /* ContactViewController.m */ = {isa = PBXFileReference; fileEncoding = 4; lastKnownFileType = sourcecode.c.objc; path = ContactViewController.m; sourceTree = "<group>"; };
		CE6EB466139E9B5600F83B87 /* ContactViewController.xib */ = {isa = PBXFileReference; lastKnownFileType = file.xib; path = ContactViewController.xib; sourceTree = "<group>"; };
		CE6EB4A5139EA85600F83B87 /* sheet_template.xml */ = {isa = PBXFileReference; fileEncoding = 4; lastKnownFileType = text.xml; path = sheet_template.xml; sourceTree = "<group>"; };
		CE6EB4A8139EA88B00F83B87 /* ExcelSheetGenerator.h */ = {isa = PBXFileReference; fileEncoding = 4; lastKnownFileType = sourcecode.c.h; path = ExcelSheetGenerator.h; sourceTree = "<group>"; };
		CE6EB4A9139EA88B00F83B87 /* ExcelSheetGenerator.m */ = {isa = PBXFileReference; fileEncoding = 4; lastKnownFileType = sourcecode.c.objc; path = ExcelSheetGenerator.m; sourceTree = "<group>"; };
		CE6FA17C13AFCA0B005E8DFF /* home_btn.png */ = {isa = PBXFileReference; lastKnownFileType = image.png; name = home_btn.png; path = images/home_btn.png; sourceTree = "<group>"; };
		CE701795139BCC3700A7710E /* LogsListViewController.h */ = {isa = PBXFileReference; fileEncoding = 4; lastKnownFileType = sourcecode.c.h; path = LogsListViewController.h; sourceTree = "<group>"; };
		CE701796139BCC3700A7710E /* LogsListViewController.m */ = {isa = PBXFileReference; fileEncoding = 4; lastKnownFileType = sourcecode.c.objc; path = LogsListViewController.m; sourceTree = "<group>"; };
		CE701798139BCCFD00A7710E /* LogListCell.h */ = {isa = PBXFileReference; fileEncoding = 4; lastKnownFileType = sourcecode.c.h; path = LogListCell.h; sourceTree = "<group>"; };
		CE701799139BCCFD00A7710E /* LogListCell.m */ = {isa = PBXFileReference; fileEncoding = 4; lastKnownFileType = sourcecode.c.objc; path = LogListCell.m; sourceTree = "<group>"; };
		CE70179A139BCCFD00A7710E /* LogListCell.xib */ = {isa = PBXFileReference; lastKnownFileType = file.xib; path = LogListCell.xib; sourceTree = "<group>"; };
		CE7017A0139BCF8B00A7710E /* dotted_line.png */ = {isa = PBXFileReference; lastKnownFileType = image.png; name = dotted_line.png; path = images/dotted_line.png; sourceTree = "<group>"; };
		CE71309913784DDF00B95FA0 /* smart_gp_data.plist */ = {isa = PBXFileReference; fileEncoding = 4; lastKnownFileType = text.plist.xml; path = smart_gp_data.plist; sourceTree = "<group>"; };
		CE71309F13784FBE00B95FA0 /* TableViewController.h */ = {isa = PBXFileReference; fileEncoding = 4; lastKnownFileType = sourcecode.c.h; path = TableViewController.h; sourceTree = "<group>"; };
		CE7130A013784FBE00B95FA0 /* TableViewController.m */ = {isa = PBXFileReference; fileEncoding = 4; lastKnownFileType = sourcecode.c.objc; path = TableViewController.m; sourceTree = "<group>"; };
		CE7130A21378504C00B95FA0 /* TableViewControllerWrapper.h */ = {isa = PBXFileReference; fileEncoding = 4; lastKnownFileType = sourcecode.c.h; path = TableViewControllerWrapper.h; sourceTree = "<group>"; };
		CE7130A31378504C00B95FA0 /* TableViewControllerWrapper.m */ = {isa = PBXFileReference; fileEncoding = 4; lastKnownFileType = sourcecode.c.objc; path = TableViewControllerWrapper.m; sourceTree = "<group>"; };
		CE7130A41378504C00B95FA0 /* TableViewControllerWrapper.xib */ = {isa = PBXFileReference; lastKnownFileType = file.xib; path = TableViewControllerWrapper.xib; sourceTree = "<group>"; };
		CEBAF97613B1CBDE005B5A77 /* DetailTableViewController.h */ = {isa = PBXFileReference; fileEncoding = 4; lastKnownFileType = sourcecode.c.h; name = DetailTableViewController.h; path = RSSParser/DetailTableViewController.h; sourceTree = "<group>"; };
		CEBAF97713B1CBDE005B5A77 /* DetailTableViewController.m */ = {isa = PBXFileReference; fileEncoding = 4; lastKnownFileType = sourcecode.c.objc; name = DetailTableViewController.m; path = RSSParser/DetailTableViewController.m; sourceTree = "<group>"; };
		CEBAF97813B1CBDE005B5A77 /* GTMDefines.h */ = {isa = PBXFileReference; fileEncoding = 4; lastKnownFileType = sourcecode.c.h; name = GTMDefines.h; path = RSSParser/GTMDefines.h; sourceTree = "<group>"; };
		CEBAF97913B1CBDE005B5A77 /* GTMNSString+HTML.h */ = {isa = PBXFileReference; fileEncoding = 4; lastKnownFileType = sourcecode.c.h; name = "GTMNSString+HTML.h"; path = "RSSParser/GTMNSString+HTML.h"; sourceTree = "<group>"; };
		CEBAF97A13B1CBDE005B5A77 /* GTMNSString+HTML.m */ = {isa = PBXFileReference; fileEncoding = 4; lastKnownFileType = sourcecode.c.objc; name = "GTMNSString+HTML.m"; path = "RSSParser/GTMNSString+HTML.m"; sourceTree = "<group>"; };
		CEBAF97B13B1CBDE005B5A77 /* MWFeedInfo.h */ = {isa = PBXFileReference; fileEncoding = 4; lastKnownFileType = sourcecode.c.h; name = MWFeedInfo.h; path = RSSParser/MWFeedInfo.h; sourceTree = "<group>"; };
		CEBAF97C13B1CBDE005B5A77 /* MWFeedInfo.m */ = {isa = PBXFileReference; fileEncoding = 4; lastKnownFileType = sourcecode.c.objc; name = MWFeedInfo.m; path = RSSParser/MWFeedInfo.m; sourceTree = "<group>"; };
		CEBAF97D13B1CBDE005B5A77 /* MWFeedItem.h */ = {isa = PBXFileReference; fileEncoding = 4; lastKnownFileType = sourcecode.c.h; name = MWFeedItem.h; path = RSSParser/MWFeedItem.h; sourceTree = "<group>"; };
		CEBAF97E13B1CBDE005B5A77 /* MWFeedItem.m */ = {isa = PBXFileReference; fileEncoding = 4; lastKnownFileType = sourcecode.c.objc; name = MWFeedItem.m; path = RSSParser/MWFeedItem.m; sourceTree = "<group>"; };
		CEBAF97F13B1CBDE005B5A77 /* MWFeedParser_Private.h */ = {isa = PBXFileReference; fileEncoding = 4; lastKnownFileType = sourcecode.c.h; name = MWFeedParser_Private.h; path = RSSParser/MWFeedParser_Private.h; sourceTree = "<group>"; };
		CEBAF98013B1CBDE005B5A77 /* MWFeedParser.h */ = {isa = PBXFileReference; fileEncoding = 4; lastKnownFileType = sourcecode.c.h; name = MWFeedParser.h; path = RSSParser/MWFeedParser.h; sourceTree = "<group>"; };
		CEBAF98113B1CBDE005B5A77 /* MWFeedParser.m */ = {isa = PBXFileReference; fileEncoding = 4; lastKnownFileType = sourcecode.c.objc; name = MWFeedParser.m; path = RSSParser/MWFeedParser.m; sourceTree = "<group>"; };
		CEBAF98413B1CBDE005B5A77 /* NSDate+InternetDateTime.h */ = {isa = PBXFileReference; fileEncoding = 4; lastKnownFileType = sourcecode.c.h; name = "NSDate+InternetDateTime.h"; path = "RSSParser/NSDate+InternetDateTime.h"; sourceTree = "<group>"; };
		CEBAF98513B1CBDE005B5A77 /* NSDate+InternetDateTime.m */ = {isa = PBXFileReference; fileEncoding = 4; lastKnownFileType = sourcecode.c.objc; name = "NSDate+InternetDateTime.m"; path = "RSSParser/NSDate+InternetDateTime.m"; sourceTree = "<group>"; };
		CEBAF98613B1CBDE005B5A77 /* NSString+HTML.h */ = {isa = PBXFileReference; fileEncoding = 4; lastKnownFileType = sourcecode.c.h; name = "NSString+HTML.h"; path = "RSSParser/NSString+HTML.h"; sourceTree = "<group>"; };
		CEBAF98713B1CBDE005B5A77 /* NSString+HTML.m */ = {isa = PBXFileReference; fileEncoding = 4; lastKnownFileType = sourcecode.c.objc; name = "NSString+HTML.m"; path = "RSSParser/NSString+HTML.m"; sourceTree = "<group>"; };
		CEBAF98813B1CBDE005B5A77 /* NSString+XMLEntities.h */ = {isa = PBXFileReference; fileEncoding = 4; lastKnownFileType = sourcecode.c.h; name = "NSString+XMLEntities.h"; path = "RSSParser/NSString+XMLEntities.h"; sourceTree = "<group>"; };
		CEBAF98913B1CBDE005B5A77 /* NSString+XMLEntities.m */ = {isa = PBXFileReference; fileEncoding = 4; lastKnownFileType = sourcecode.c.objc; name = "NSString+XMLEntities.m"; path = "RSSParser/NSString+XMLEntities.m"; sourceTree = "<group>"; };
		CEBAF98A13B1CBDE005B5A77 /* RSSViewController.h */ = {isa = PBXFileReference; fileEncoding = 4; lastKnownFileType = sourcecode.c.h; name = RSSViewController.h; path = RSSParser/RSSViewController.h; sourceTree = "<group>"; };
		CEBAF98B13B1CBDE005B5A77 /* RSSViewController.m */ = {isa = PBXFileReference; fileEncoding = 4; lastKnownFileType = sourcecode.c.objc; name = RSSViewController.m; path = RSSParser/RSSViewController.m; sourceTree = "<group>"; };
/* End PBXFileReference section */

/* Begin PBXFrameworksBuildPhase section */
		1D60588F0D05DD3D006BFB54 /* Frameworks */ = {
			isa = PBXFrameworksBuildPhase;
			buildActionMask = 2147483647;
			files = (
				1D60589F0D05DD5A006BFB54 /* Foundation.framework in Frameworks */,
				1DF5F4E00D08C38300B7A737 /* UIKit.framework in Frameworks */,
				288765FD0DF74451002DB57D /* CoreGraphics.framework in Frameworks */,
				CE65B575138EF3AB00702EC5 /* MessageUI.framework in Frameworks */,
			);
			runOnlyForDeploymentPostprocessing = 0;
		};
/* End PBXFrameworksBuildPhase section */

/* Begin PBXGroup section */
		080E96DDFE201D6D7F000001 /* Classes */ = {
			isa = PBXGroup;
			children = (
				CEBAF97413B1CBC2005B5A77 /* RSSParser */,
				1D3623240D0F684500981E51 /* smart_gp_ipAppDelegate.h */,
				1D3623250D0F684500981E51 /* smart_gp_ipAppDelegate.m */,
				CE6C5056138D87D40084AB8D /* MainMenuViewController.h */,
				CE6C5057138D87D40084AB8D /* MainMenuViewController.m */,
				CE6C5058138D87D40084AB8D /* MainMenuViewController.xib */,
				CE6C504F138D83C50084AB8D /* SplashScreenViewController.h */,
				CE6C5050138D83C50084AB8D /* SplashScreenViewController.m */,
				CE6C5051138D83C50084AB8D /* SplashScreenViewController.xib */,
				CE71309F13784FBE00B95FA0 /* TableViewController.h */,
				CE7130A013784FBE00B95FA0 /* TableViewController.m */,
				CE7130A21378504C00B95FA0 /* TableViewControllerWrapper.h */,
				CE7130A31378504C00B95FA0 /* TableViewControllerWrapper.m */,
				CE7130A41378504C00B95FA0 /* TableViewControllerWrapper.xib */,
				CE6CF692137E83D800BB69CB /* PathwayCell.h */,
				CE6CF693137E83D800BB69CB /* PathwayCell.m */,
				CE6CF695137E83F000BB69CB /* PathwayCell.xib */,
				CE69282813B4AF3D005D1AF6 /* ItemDetailsViewController.h */,
				CE69282913B4AF3D005D1AF6 /* ItemDetailsViewController.m */,
				CE69282A13B4AF3D005D1AF6 /* ItemDetailsViewController.xib */,
				CE6580F0138ECB2A00DE1F01 /* LogScreenViewController.h */,
				CE6580F1138ECB2A00DE1F01 /* LogScreenViewController.m */,
				CE6580F2138ECB2A00DE1F01 /* LogScreenViewController.xib */,
				CE69A691139D438100946DAB /* TextInputViewController.h */,
				CE69A692139D438100946DAB /* TextInputViewController.m */,
				CE69A693139D438100946DAB /* TextInputViewController.xib */,
				CE701795139BCC3700A7710E /* LogsListViewController.h */,
				CE701796139BCC3700A7710E /* LogsListViewController.m */,
				CE6EB4A8139EA88B00F83B87 /* ExcelSheetGenerator.h */,
				CE6EB4A9139EA88B00F83B87 /* ExcelSheetGenerator.m */,
				CE701798139BCCFD00A7710E /* LogListCell.h */,
				CE701799139BCCFD00A7710E /* LogListCell.m */,
				CE70179A139BCCFD00A7710E /* LogListCell.xib */,
				CE67601413924C9E00944CD4 /* RemindersMainMenuViewController.h */,
				CE67601513924C9E00944CD4 /* RemindersMainMenuViewController.m */,
				CE67601613924C9E00944CD4 /* RemindersMainMenuViewController.xib */,
				CE6708CF139C0F0B00BEECB0 /* RemindersListViewController.h */,
				CE6708D0139C0F0B00BEECB0 /* RemindersListViewController.m */,
				CE6760251392508200944CD4 /* SetReminderViewController.h */,
				CE6760261392508200944CD4 /* SetReminderViewController.m */,
				CE6760271392508200944CD4 /* SetReminderViewController.xib */,
				CE68D76F139414A6005CC7F7 /* WebViewController.h */,
				CE68D770139414A6005CC7F7 /* WebViewController.m */,
				CE68D771139414A6005CC7F7 /* WebViewController.xib */,
				CE660CEA139D2E97007BC01A /* EGOTextFieldAlertView.h */,
				CE660CEB139D2E97007BC01A /* EGOTextFieldAlertView.m */,
				CE69A728139D4FEC00946DAB /* DisclaimerPageViewController.h */,
				CE69A729139D4FEC00946DAB /* DisclaimerPageViewController.m */,
				CE69A72A139D4FEC00946DAB /* DisclaimerPageViewController.xib */,
				CE67E16E139E761100EB3D6A /* UIUnderlinedButton.h */,
				CE67E16F139E761100EB3D6A /* UIUnderlinedButton.m */,
				CE6EB464139E9B5600F83B87 /* ContactViewController.h */,
				CE6EB465139E9B5600F83B87 /* ContactViewController.m */,
				CE6EB466139E9B5600F83B87 /* ContactViewController.xib */,
				CE6D1D4113AFBC9700EBF7C7 /* CommonViewControllerBase.h */,
				CE6D1D4213AFBC9700EBF7C7 /* CommonViewControllerBase.m */,
			);
			path = Classes;
			sourceTree = "<group>";
		};
		19C28FACFE9D520D11CA2CBB /* Products */ = {
			isa = PBXGroup;
			children = (
				1D6058910D05DD3D006BFB54 /* smart_gp_ip.app */,
			);
			name = Products;
			sourceTree = "<group>";
		};
		29B97314FDCFA39411CA2CEA /* CustomTemplate */ = {
			isa = PBXGroup;
			children = (
				080E96DDFE201D6D7F000001 /* Classes */,
				29B97315FDCFA39411CA2CEA /* Other Sources */,
				29B97317FDCFA39411CA2CEA /* Resources */,
				29B97323FDCFA39411CA2CEA /* Frameworks */,
				19C28FACFE9D520D11CA2CBB /* Products */,
			);
			name = CustomTemplate;
			sourceTree = "<group>";
		};
		29B97315FDCFA39411CA2CEA /* Other Sources */ = {
			isa = PBXGroup;
			children = (
				32CA4F630368D1EE00C91783 /* smart_gp_ip_Prefix.pch */,
				29B97316FDCFA39411CA2CEA /* main.m */,
			);
			name = "Other Sources";
			sourceTree = "<group>";
		};
		29B97317FDCFA39411CA2CEA /* Resources */ = {
			isa = PBXGroup;
			children = (
				CE6CF69A137E857100BB69CB /* images */,
				CE6EB4A5139EA85600F83B87 /* sheet_template.xml */,
				CE71309913784DDF00B95FA0 /* smart_gp_data.plist */,
				28AD733E0D9D9553002E5188 /* MainWindow.xib */,
				8D1107310486CEB800E47090 /* smart_gp_ip-Info.plist */,
			);
			name = Resources;
			sourceTree = "<group>";
		};
		29B97323FDCFA39411CA2CEA /* Frameworks */ = {
			isa = PBXGroup;
			children = (
				1DF5F4DF0D08C38300B7A737 /* UIKit.framework */,
				1D30AB110D05D00D00671497 /* Foundation.framework */,
				288765FC0DF74451002DB57D /* CoreGraphics.framework */,
				CE65B574138EF3AB00702EC5 /* MessageUI.framework */,
			);
			name = Frameworks;
			sourceTree = "<group>";
		};
		CE6CF69A137E857100BB69CB /* images */ = {
			isa = PBXGroup;
			children = (
				CE184E0C13B8E36C00871AF6 /* DoneDown.png */,
				CE184E0D13B8E36C00871AF6 /* DoneUp.png */,
				CE6730FB13B4B76A009C0BD2 /* phone_btn.png */,
				CE6730FC13B4B76A009C0BD2 /* website_btn.png */,
				CE6FA17C13AFCA0B005E8DFF /* home_btn.png */,
				CE6D1D2A13AFB91900EBF7C7 /* term1anim.png */,
				CE6D1D2B13AFB91900EBF7C7 /* term2anim.png */,
				CE6D1D2C13AFB91900EBF7C7 /* term3anim.png */,
				CE6D1D2D13AFB91900EBF7C7 /* term4anim.png */,
				CE6D1D2E13AFB91900EBF7C7 /* term5anim.png */,
				CE6D1D2F13AFB91900EBF7C7 /* term6anim.png */,
				CE660CE6139D2C44007BC01A /* cell_back_brown.png */,
				CE660CDA139D2A07007BC01A /* cell_back_violet.png */,
				CE660CDB139D2A07007BC01A /* contact_page.png */,
				CE660CDC139D2A07007BC01A /* del_btn.png */,
				CE660CDD139D2A07007BC01A /* edit_btn.png */,
				CE7017A0139BCF8B00A7710E /* dotted_line.png */,
				CE67602A1392543400944CD4 /* set_reminder_screen.png */,
				CE67601913924CF000944CD4 /* remind_main_menu.png */,
				CE6580F5138ECB8900DE1F01 /* log_screen.png */,
				CE6E708113893282005B9C8B /* app_icon.png */,
				CE6E708213893282005B9C8B /* dyspepsia_path.png */,
				CE6E708313893282005B9C8B /* gastroenterology_path.png */,
				CE6E708413893282005B9C8B /* local_health_serv_path.png */,
				CE6E708513893282005B9C8B /* remind_me_path.png */,
				CE6E708613893282005B9C8B /* splash_screen.png */,
				CE6E708713893282005B9C8B /* training_log_path.png */,
				CE6CF69B137E858200BB69CB /* cell_back.png */,
			);
			name = images;
			sourceTree = "<group>";
		};
		CEBAF97413B1CBC2005B5A77 /* RSSParser */ = {
			isa = PBXGroup;
			children = (
				CEBAF97613B1CBDE005B5A77 /* DetailTableViewController.h */,
				CEBAF97713B1CBDE005B5A77 /* DetailTableViewController.m */,
				CEBAF97813B1CBDE005B5A77 /* GTMDefines.h */,
				CEBAF97913B1CBDE005B5A77 /* GTMNSString+HTML.h */,
				CEBAF97A13B1CBDE005B5A77 /* GTMNSString+HTML.m */,
				CEBAF97B13B1CBDE005B5A77 /* MWFeedInfo.h */,
				CEBAF97C13B1CBDE005B5A77 /* MWFeedInfo.m */,
				CEBAF97D13B1CBDE005B5A77 /* MWFeedItem.h */,
				CEBAF97E13B1CBDE005B5A77 /* MWFeedItem.m */,
				CEBAF97F13B1CBDE005B5A77 /* MWFeedParser_Private.h */,
				CEBAF98013B1CBDE005B5A77 /* MWFeedParser.h */,
				CEBAF98113B1CBDE005B5A77 /* MWFeedParser.m */,
				CEBAF98413B1CBDE005B5A77 /* NSDate+InternetDateTime.h */,
				CEBAF98513B1CBDE005B5A77 /* NSDate+InternetDateTime.m */,
				CEBAF98613B1CBDE005B5A77 /* NSString+HTML.h */,
				CEBAF98713B1CBDE005B5A77 /* NSString+HTML.m */,
				CEBAF98813B1CBDE005B5A77 /* NSString+XMLEntities.h */,
				CEBAF98913B1CBDE005B5A77 /* NSString+XMLEntities.m */,
				CEBAF98A13B1CBDE005B5A77 /* RSSViewController.h */,
				CEBAF98B13B1CBDE005B5A77 /* RSSViewController.m */,
			);
			name = RSSParser;
			sourceTree = "<group>";
		};
/* End PBXGroup section */

/* Begin PBXNativeTarget section */
		1D6058900D05DD3D006BFB54 /* smart_gp_ip */ = {
			isa = PBXNativeTarget;
			buildConfigurationList = 1D6058960D05DD3E006BFB54 /* Build configuration list for PBXNativeTarget "smart_gp_ip" */;
			buildPhases = (
				1D60588D0D05DD3D006BFB54 /* Resources */,
				1D60588E0D05DD3D006BFB54 /* Sources */,
				1D60588F0D05DD3D006BFB54 /* Frameworks */,
			);
			buildRules = (
			);
			dependencies = (
			);
			name = smart_gp_ip;
			productName = smart_gp_ip;
			productReference = 1D6058910D05DD3D006BFB54 /* smart_gp_ip.app */;
			productType = "com.apple.product-type.application";
		};
/* End PBXNativeTarget section */

/* Begin PBXProject section */
		29B97313FDCFA39411CA2CEA /* Project object */ = {
			isa = PBXProject;
			buildConfigurationList = C01FCF4E08A954540054247B /* Build configuration list for PBXProject "smart_gp_ip" */;
			compatibilityVersion = "Xcode 3.1";
			developmentRegion = English;
			hasScannedForEncodings = 1;
			knownRegions = (
				English,
				Japanese,
				French,
				German,
			);
			mainGroup = 29B97314FDCFA39411CA2CEA /* CustomTemplate */;
			projectDirPath = "";
			projectRoot = "";
			targets = (
				1D6058900D05DD3D006BFB54 /* smart_gp_ip */,
			);
		};
/* End PBXProject section */

/* Begin PBXResourcesBuildPhase section */
		1D60588D0D05DD3D006BFB54 /* Resources */ = {
			isa = PBXResourcesBuildPhase;
			buildActionMask = 2147483647;
			files = (
				28AD733F0D9D9553002E5188 /* MainWindow.xib in Resources */,
				CE71309A13784DDF00B95FA0 /* smart_gp_data.plist in Resources */,
				CE7130A61378504C00B95FA0 /* TableViewControllerWrapper.xib in Resources */,
				CE6CF696137E83F000BB69CB /* PathwayCell.xib in Resources */,
				CE6CF69C137E858200BB69CB /* cell_back.png in Resources */,
				CE6E708813893282005B9C8B /* app_icon.png in Resources */,
				CE6E708913893282005B9C8B /* dyspepsia_path.png in Resources */,
				CE6E708A13893282005B9C8B /* gastroenterology_path.png in Resources */,
				CE6E708B13893282005B9C8B /* local_health_serv_path.png in Resources */,
				CE6E708C13893282005B9C8B /* remind_me_path.png in Resources */,
				CE6E708D13893282005B9C8B /* splash_screen.png in Resources */,
				CE6E708E13893282005B9C8B /* training_log_path.png in Resources */,
				CE6C5053138D83C50084AB8D /* SplashScreenViewController.xib in Resources */,
				CE6C505A138D87D40084AB8D /* MainMenuViewController.xib in Resources */,
				CE6580F4138ECB2A00DE1F01 /* LogScreenViewController.xib in Resources */,
				CE6580F6138ECB8900DE1F01 /* log_screen.png in Resources */,
				CE67601813924C9E00944CD4 /* RemindersMainMenuViewController.xib in Resources */,
				CE67601A13924CF000944CD4 /* remind_main_menu.png in Resources */,
				CE6760291392508200944CD4 /* SetReminderViewController.xib in Resources */,
				CE67602B1392543400944CD4 /* set_reminder_screen.png in Resources */,
				CE68D773139414A6005CC7F7 /* WebViewController.xib in Resources */,
				CE70179C139BCCFD00A7710E /* LogListCell.xib in Resources */,
				CE7017A1139BCF8B00A7710E /* dotted_line.png in Resources */,
				CE660CDE139D2A07007BC01A /* cell_back_violet.png in Resources */,
				CE660CDF139D2A07007BC01A /* contact_page.png in Resources */,
				CE660CE0139D2A07007BC01A /* del_btn.png in Resources */,
				CE660CE1139D2A07007BC01A /* edit_btn.png in Resources */,
				CE660CE7139D2C44007BC01A /* cell_back_brown.png in Resources */,
				CE69A695139D438100946DAB /* TextInputViewController.xib in Resources */,
				CE69A72C139D4FEC00946DAB /* DisclaimerPageViewController.xib in Resources */,
				CE6EB468139E9B5600F83B87 /* ContactViewController.xib in Resources */,
				CE6EB4A6139EA85600F83B87 /* sheet_template.xml in Resources */,
				CE6D1D3013AFB91900EBF7C7 /* term1anim.png in Resources */,
				CE6D1D3113AFB91900EBF7C7 /* term2anim.png in Resources */,
				CE6D1D3213AFB91900EBF7C7 /* term3anim.png in Resources */,
				CE6D1D3313AFB91900EBF7C7 /* term4anim.png in Resources */,
				CE6D1D3413AFB91900EBF7C7 /* term5anim.png in Resources */,
				CE6D1D3513AFB91900EBF7C7 /* term6anim.png in Resources */,
				CE6FA17D13AFCA0B005E8DFF /* home_btn.png in Resources */,
				CE69282C13B4AF3D005D1AF6 /* ItemDetailsViewController.xib in Resources */,
				CE6730FD13B4B76A009C0BD2 /* phone_btn.png in Resources */,
				CE6730FE13B4B76A009C0BD2 /* website_btn.png in Resources */,
				CE184E0E13B8E36C00871AF6 /* DoneDown.png in Resources */,
				CE184E0F13B8E36C00871AF6 /* DoneUp.png in Resources */,
			);
			runOnlyForDeploymentPostprocessing = 0;
		};
/* End PBXResourcesBuildPhase section */

/* Begin PBXSourcesBuildPhase section */
		1D60588E0D05DD3D006BFB54 /* Sources */ = {
			isa = PBXSourcesBuildPhase;
			buildActionMask = 2147483647;
			files = (
				1D60589B0D05DD56006BFB54 /* main.m in Sources */,
				1D3623260D0F684500981E51 /* smart_gp_ipAppDelegate.m in Sources */,
				CE7130A113784FBE00B95FA0 /* TableViewController.m in Sources */,
				CE7130A51378504C00B95FA0 /* TableViewControllerWrapper.m in Sources */,
				CE6CF694137E83D800BB69CB /* PathwayCell.m in Sources */,
				CE6C5052138D83C50084AB8D /* SplashScreenViewController.m in Sources */,
				CE6C5059138D87D40084AB8D /* MainMenuViewController.m in Sources */,
				CE6580F3138ECB2A00DE1F01 /* LogScreenViewController.m in Sources */,
				CE67601713924C9E00944CD4 /* RemindersMainMenuViewController.m in Sources */,
				CE6760281392508200944CD4 /* SetReminderViewController.m in Sources */,
				CE68D772139414A6005CC7F7 /* WebViewController.m in Sources */,
				CE701797139BCC3700A7710E /* LogsListViewController.m in Sources */,
				CE70179B139BCCFD00A7710E /* LogListCell.m in Sources */,
				CE6708D1139C0F0B00BEECB0 /* RemindersListViewController.m in Sources */,
				CE660CEC139D2E97007BC01A /* EGOTextFieldAlertView.m in Sources */,
				CE69A694139D438100946DAB /* TextInputViewController.m in Sources */,
				CE69A72B139D4FEC00946DAB /* DisclaimerPageViewController.m in Sources */,
				CE67E170139E761100EB3D6A /* UIUnderlinedButton.m in Sources */,
				CE6EB467139E9B5600F83B87 /* ContactViewController.m in Sources */,
				CE6EB4AA139EA88B00F83B87 /* ExcelSheetGenerator.m in Sources */,
				CE6D1D4313AFBC9700EBF7C7 /* CommonViewControllerBase.m in Sources */,
				CEBAF98C13B1CBDE005B5A77 /* DetailTableViewController.m in Sources */,
				CEBAF98D13B1CBDE005B5A77 /* GTMNSString+HTML.m in Sources */,
				CEBAF98E13B1CBDE005B5A77 /* MWFeedInfo.m in Sources */,
				CEBAF98F13B1CBDE005B5A77 /* MWFeedItem.m in Sources */,
				CEBAF99013B1CBDE005B5A77 /* MWFeedParser.m in Sources */,
				CEBAF99213B1CBDE005B5A77 /* NSDate+InternetDateTime.m in Sources */,
				CEBAF99313B1CBDE005B5A77 /* NSString+HTML.m in Sources */,
				CEBAF99413B1CBDE005B5A77 /* NSString+XMLEntities.m in Sources */,
				CEBAF99513B1CBDE005B5A77 /* RSSViewController.m in Sources */,
				CE69282B13B4AF3D005D1AF6 /* ItemDetailsViewController.m in Sources */,
			);
			runOnlyForDeploymentPostprocessing = 0;
		};
/* End PBXSourcesBuildPhase section */

/* Begin XCBuildConfiguration section */
		1D6058940D05DD3E006BFB54 /* Debug */ = {
			isa = XCBuildConfiguration;
			buildSettings = {
				ALWAYS_SEARCH_USER_PATHS = NO;
				COPY_PHASE_STRIP = NO;
				GCC_DYNAMIC_NO_PIC = NO;
				GCC_OPTIMIZATION_LEVEL = 0;
				GCC_PRECOMPILE_PREFIX_HEADER = YES;
				GCC_PREFIX_HEADER = smart_gp_ip_Prefix.pch;
				INFOPLIST_FILE = "smart_gp_ip-Info.plist";
				PRODUCT_NAME = smart_gp_ip;
			};
			name = Debug;
		};
		1D6058950D05DD3E006BFB54 /* Release */ = {
			isa = XCBuildConfiguration;
			buildSettings = {
				ALWAYS_SEARCH_USER_PATHS = NO;
				COPY_PHASE_STRIP = YES;
				GCC_PRECOMPILE_PREFIX_HEADER = YES;
				GCC_PREFIX_HEADER = smart_gp_ip_Prefix.pch;
				INFOPLIST_FILE = "smart_gp_ip-Info.plist";
				PRODUCT_NAME = smart_gp_ip;
				VALIDATE_PRODUCT = YES;
			};
			name = Release;
		};
		C01FCF4F08A954540054247B /* Debug */ = {
			isa = XCBuildConfiguration;
			buildSettings = {
				ARCHS = "$(ARCHS_STANDARD_32_BIT)";
				"CODE_SIGN_IDENTITY[sdk=iphoneos*]" = "iPhone Developer";
				GCC_C_LANGUAGE_STANDARD = c99;
				GCC_WARN_ABOUT_RETURN_TYPE = YES;
				GCC_WARN_UNUSED_VARIABLE = YES;
				PREBINDING = NO;
				SDKROOT = iphoneos4.1;
			};
			name = Debug;
		};
		C01FCF5008A954540054247B /* Release */ = {
			isa = XCBuildConfiguration;
			buildSettings = {
				ARCHS = "$(ARCHS_STANDARD_32_BIT)";
				"CODE_SIGN_IDENTITY[sdk=iphoneos*]" = "iPhone Developer";
				GCC_C_LANGUAGE_STANDARD = c99;
				GCC_WARN_ABOUT_RETURN_TYPE = YES;
				GCC_WARN_UNUSED_VARIABLE = YES;
				OTHER_CFLAGS = "-DNS_BLOCK_ASSERTIONS=1";
				PREBINDING = NO;
				SDKROOT = iphoneos4.1;
			};
			name = Release;
		};
/* End XCBuildConfiguration section */

/* Begin XCConfigurationList section */
		1D6058960D05DD3E006BFB54 /* Build configuration list for PBXNativeTarget "smart_gp_ip" */ = {
			isa = XCConfigurationList;
			buildConfigurations = (
				1D6058940D05DD3E006BFB54 /* Debug */,
				1D6058950D05DD3E006BFB54 /* Release */,
			);
			defaultConfigurationIsVisible = 0;
			defaultConfigurationName = Release;
		};
		C01FCF4E08A954540054247B /* Build configuration list for PBXProject "smart_gp_ip" */ = {
			isa = XCConfigurationList;
			buildConfigurations = (
				C01FCF4F08A954540054247B /* Debug */,
				C01FCF5008A954540054247B /* Release */,
			);
			defaultConfigurationIsVisible = 0;
			defaultConfigurationName = Release;
		};
/* End XCConfigurationList section */
	};
	rootObject = 29B97313FDCFA39411CA2CEA /* Project object */;
}
